
Microsoft Visual Studio Solution File, Format Version 12.00
# Visual Studio 2013
VisualStudioVersion = 12.0.30501.0
MinimumVisualStudioVersion = 10.0.40219.1
Project("{8BC9CEB8-8B4A-11D0-8D11-00A0C91BC942}") = "fstprint", "fstprint\fstprint.vcxproj", "{0B1613EF-02D5-418E-B1AB-E5D7A1EF2F90}"
EndProject
Project("{8BC9CEB8-8B4A-11D0-8D11-00A0C91BC942}") = "fstcompile", "fstcompile\fstcompile.vcxproj", "{47EB8854-19B5-4189-B852-C1E02478503F}"
EndProject
Project("{8BC9CEB8-8B4A-11D0-8D11-00A0C91BC942}") = "fstcompose", "fstcompose\fstcompose.vcxproj", "{34EE184C-9B4B-4736-9B34-1B1C87F1DD09}"
EndProject
Project("{8BC9CEB8-8B4A-11D0-8D11-00A0C91BC942}") = "fstinfo", "fstinfo\fstinfo.vcxproj", "{03196215-4A20-4C0A-8D78-C120D5923C73}"
EndProject
Project("{8BC9CEB8-8B4A-11D0-8D11-00A0C91BC942}") = "fstarcsort", "fstarcsort\fstarcsort.vcxproj", "{F3EB5FBF-8E64-4B3F-843E-18234CB5C882}"
EndProject
Project("{8BC9CEB8-8B4A-11D0-8D11-00A0C91BC942}") = "fstclosure", "fstclosure\fstclosure.vcxproj", "{E9428B6C-1AF9-4D77-A87E-CCF35C00F042}"
EndProject
Project("{8BC9CEB8-8B4A-11D0-8D11-00A0C91BC942}") = "fstshortestdistance", "fstshortestdistance\fstshortestdistance.vcxproj", "{47EA7AD5-46A4-4FD1-AE81-AF65BD48B9BF}"
EndProject
Project("{8BC9CEB8-8B4A-11D0-8D11-00A0C91BC942}") = "fstproject", "fstproject\fstproject.vcxproj", "{29CA01A8-D212-4BB7-B607-F141ACB5FE70}"
EndProject
Project("{8BC9CEB8-8B4A-11D0-8D11-00A0C91BC942}") = "fstshortestpath", "fstshortestpath\fstshortestpath.vcxproj", "{F7863DE6-79AE-4D49-B44A-0313167861AF}"
EndProject
Project("{8BC9CEB8-8B4A-11D0-8D11-00A0C91BC942}") = "fstunion", "fstunion\fstunion.vcxproj", "{BFFC8B89-D5D3-4CF0-97ED-42CF072B837D}"
EndProject
Project("{8BC9CEB8-8B4A-11D0-8D11-00A0C91BC942}") = "fstrmepsilon", "fstrmepsilon\fstrmepsilon.vcxproj", "{5D8D7732-1C6E-48FA-8A3D-24F7A45FB5F3}"
EndProject
Project("{8BC9CEB8-8B4A-11D0-8D11-00A0C91BC942}") = "fstconcat", "fstconcat\fstconcat.vcxproj", "{0B4AD869-2D67-4AC6-A70C-C0BD8FDFD3C5}"
EndProject
Project("{8BC9CEB8-8B4A-11D0-8D11-00A0C91BC942}") = "fstconnect", "fstconnect\fstconnect.vcxproj", "{1E26269D-572D-4F4D-81E4-F99ADF037D02}"
EndProject
Project("{8BC9CEB8-8B4A-11D0-8D11-00A0C91BC942}") = "fstconvert", "fstconvert\fstconvert.vcxproj", "{581A7669-60B5-4EB2-BBBA-4A2CC8E35C43}"
EndProject
Project("{8BC9CEB8-8B4A-11D0-8D11-00A0C91BC942}") = "fstdifference", "fstdifference\fstdifference.vcxproj", "{3573F28B-57C6-4150-A8D8-E18D217E59CB}"
EndProject
Project("{8BC9CEB8-8B4A-11D0-8D11-00A0C91BC942}") = "fstdraw", "fstdraw\fstdraw.vcxproj", "{355EA728-B104-4555-8FDF-97F52BA0D0E9}"
EndProject
Project("{8BC9CEB8-8B4A-11D0-8D11-00A0C91BC942}") = "fstencode", "fstencode\fstencode.vcxproj", "{EC73EABB-19FE-403F-8AB0-DA383CC0C52C}"
EndProject
Project("{8BC9CEB8-8B4A-11D0-8D11-00A0C91BC942}") = "fstepsnormalize", "fstepsnormalize\fstepsnormalize.vcxproj", "{188EC175-C904-4B16-A29C-1DEB7EC496ED}"
EndProject
Project("{8BC9CEB8-8B4A-11D0-8D11-00A0C91BC942}") = "fstequal", "fstequal\fstequal.vcxproj", "{8232F95E-58C0-482D-BE7F-CB9B58971399}"
EndProject
Project("{8BC9CEB8-8B4A-11D0-8D11-00A0C91BC942}") = "fstequivalent", "fstequivalent\fstequivalent.vcxproj", "{2444ECBA-614C-4FCD-973A-4FCAAE023E62}"
EndProject
Project("{8BC9CEB8-8B4A-11D0-8D11-00A0C91BC942}") = "fstintersect", "fstintersect\fstintersect.vcxproj", "{9323F867-FC72-459C-BA29-D4393A3D139A}"
EndProject
Project("{8BC9CEB8-8B4A-11D0-8D11-00A0C91BC942}") = "fstinvert", "fstinvert\fstinvert.vcxproj", "{7120B0E8-A4F8-4944-ABEA-8B382BEC6DAC}"
EndProject
Project("{8BC9CEB8-8B4A-11D0-8D11-00A0C91BC942}") = "fstmap", "fstmap\fstmap.vcxproj", "{2CF107E1-3B94-45CE-8D3D-8C9F5BB2532C}"
EndProject
Project("{8BC9CEB8-8B4A-11D0-8D11-00A0C91BC942}") = "fstminimize", "fstminimize\fstminimize.vcxproj", "{2EEC6156-C4B7-4899-AC64-595333AF1CB4}"
EndProject
Project("{8BC9CEB8-8B4A-11D0-8D11-00A0C91BC942}") = "fstprune", "fstprune\fstprune.vcxproj", "{8C119022-EB6C-4F29-A3A0-0C8FD9DEEBEE}"
EndProject
Project("{8BC9CEB8-8B4A-11D0-8D11-00A0C91BC942}") = "fstpush", "fstpush\fstpush.vcxproj", "{88D978FB-122A-4315-A97B-2660D064E43F}"
EndProject
Project("{8BC9CEB8-8B4A-11D0-8D11-00A0C91BC942}") = "fstrandgen", "fstrandgen\fstrandgen.vcxproj", "{B25DD202-68D4-4574-89F0-36985E439B99}"
EndProject
Project("{8BC9CEB8-8B4A-11D0-8D11-00A0C91BC942}") = "fstrelabel", "fstrelabel\fstrelabel.vcxproj", "{2512F92B-8728-4C03-AB01-B9C1702C475D}"
EndProject
Project("{8BC9CEB8-8B4A-11D0-8D11-00A0C91BC942}") = "fstreplace", "fstreplace\fstreplace.vcxproj", "{E711727A-3CAD-4722-8712-D13A91436452}"
EndProject
Project("{8BC9CEB8-8B4A-11D0-8D11-00A0C91BC942}") = "fstreverse", "fstreverse\fstreverse.vcxproj", "{B899EF42-2406-4BB9-9BC0-A5476E09F1C5}"
EndProject
Project("{8BC9CEB8-8B4A-11D0-8D11-00A0C91BC942}") = "fstreweight", "fstreweight\fstreweight.vcxproj", "{16C772FE-B462-4F44-855E-A001CB155913}"
EndProject
Project("{8BC9CEB8-8B4A-11D0-8D11-00A0C91BC942}") = "fstsynchronize", "fstsynchronize\fstsynchronize.vcxproj", "{44908BF1-E385-4580-9A9F-3A62B126C629}"
EndProject
Project("{8BC9CEB8-8B4A-11D0-8D11-00A0C91BC942}") = "fsttopsort", "fsttopsort\fsttopsort.vcxproj", "{DDC60013-398B-43D6-A277-5E07C79D8185}"
EndProject
Project("{8BC9CEB8-8B4A-11D0-8D11-00A0C91BC942}") = "fstdeterminize", "fstdeterminize\fstdeterminize.vcxproj", "{F72ACD29-7390-4FB6-8259-9D38D715182F}"
EndProject
Project("{8BC9CEB8-8B4A-11D0-8D11-00A0C91BC942}") = "openfst", "openfstwinlib\OpenfstWinLib.vcxproj", "{041897A7-99AB-46DC-99A5-DC6ACE2BCD67}"
EndProject
Project("{8BC9CEB8-8B4A-11D0-8D11-00A0C91BC942}") = "fst_test", "fst_test\fst_test.vcxproj", "{7997226D-0490-4FDE-9BD2-BF8A32B5E41C}"
EndProject
Project("{8BC9CEB8-8B4A-11D0-8D11-00A0C91BC942}") = "algo_test", "algo_test\algo_test.vcxproj", "{205F26C5-31D0-4435-9469-482B30152055}"
EndProject
Project("{8BC9CEB8-8B4A-11D0-8D11-00A0C91BC942}") = "weight_test", "weight_test\weight_test.vcxproj", "{3C3C9FF7-C6D7-46B9-AEB0-1EFBE816ACAD}"
EndProject
Project("{8BC9CEB8-8B4A-11D0-8D11-00A0C91BC942}") = "farcreate", "farcreate\farcreate.vcxproj", "{ADD28841-8B98-494F-ACFB-B83D230A9BAB}"
EndProject
Project("{2150E333-8FDC-42A3-9474-1A3956D46DE8}") = "far", "far", "{F1E8C2B6-2820-4688-B084-A3B59B8AB008}"
EndProject
Project("{2150E333-8FDC-42A3-9474-1A3956D46DE8}") = "test", "test", "{340404A2-0A43-49AE-B80C-72B1CCFCB2DA}"
EndProject
Project("{8BC9CEB8-8B4A-11D0-8D11-00A0C91BC942}") = "farcompilestrings", "farcompilestrings\farcompilestrings.vcxproj", "{DD8BBB84-F4E4-4374-A30F-EF6806E8E0CB}"
EndProject
Project("{8BC9CEB8-8B4A-11D0-8D11-00A0C91BC942}") = "farextract", "farextract\farextract.vcxproj", "{E562B037-B010-4EFB-8080-F4F1B1A9423C}"
EndProject
Project("{8BC9CEB8-8B4A-11D0-8D11-00A0C91BC942}") = "farinfo", "farinfo\farinfo.vcxproj", "{4BD5798D-0482-4930-B412-FB8D17A9C831}"
EndProject
Project("{8BC9CEB8-8B4A-11D0-8D11-00A0C91BC942}") = "farprintstrings", "farprintstrings\farprintstrings.vcxproj", "{8B2CC067-87A5-4FA6-BF16-8D3D5F32EE78}"
EndProject
Project("{2150E333-8FDC-42A3-9474-1A3956D46DE8}") = "pdt", "pdt", "{CB0F98F3-ED83-4C39-8022-BD5B0D3C332E}"
EndProject
Project("{8BC9CEB8-8B4A-11D0-8D11-00A0C91BC942}") = "pdtcompose", "pdtcompose\pdtcompose.vcxproj", "{BD50C562-0D6E-466A-8B7E-EE2F293EB17E}"
EndProject
Project("{8BC9CEB8-8B4A-11D0-8D11-00A0C91BC942}") = "pdtexpand", "pdtexpand\pdtexpand.vcxproj", "{222D2523-86CA-47C5-ACE0-8CECECAE0A5D}"
EndProject
Project("{8BC9CEB8-8B4A-11D0-8D11-00A0C91BC942}") = "pdtreplace", "pdtreplace\pdtreplace.vcxproj", "{4106553C-A4C9-4D70-BE0D-B906299D350D}"
EndProject
Project("{2150E333-8FDC-42A3-9474-1A3956D46DE8}") = "fst", "fst", "{631D303E-00A9-450C-864C-9359B01E3129}"
EndProject
Project("{2150E333-8FDC-42A3-9474-1A3956D46DE8}") = "Solution Items", "Solution Items", "{ACE598DD-C911-495A-896C-A3BBD3082F57}"
	ProjectSection(SolutionItems) = preProject
		Readme.txt = Readme.txt
	EndProjectSection
EndProject
Project("{8BC9CEB8-8B4A-11D0-8D11-00A0C91BC942}") = "pdtinfo", "pdtinfo\pdtinfo.vcxproj", "{F0B2E03B-EE78-460C-9133-344034F39E72}"
	ProjectSection(ProjectDependencies) = postProject
		{041897A7-99AB-46DC-99A5-DC6ACE2BCD67} = {041897A7-99AB-46DC-99A5-DC6ACE2BCD67}
	EndProjectSection
EndProject
Project("{8BC9CEB8-8B4A-11D0-8D11-00A0C91BC942}") = "pdtreverse", "pdtreverse\pdtreverse.vcxproj", "{2D5D0992-7C08-477E-9897-489BEB4E46FB}"
	ProjectSection(ProjectDependencies) = postProject
		{041897A7-99AB-46DC-99A5-DC6ACE2BCD67} = {041897A7-99AB-46DC-99A5-DC6ACE2BCD67}
	EndProjectSection
EndProject
Project("{8BC9CEB8-8B4A-11D0-8D11-00A0C91BC942}") = "pdtshortestpath", "pdtshortestpath\pdtshortestpath.vcxproj", "{196AEE51-A898-46A2-96EB-55047350FAFE}"
	ProjectSection(ProjectDependencies) = postProject
		{041897A7-99AB-46DC-99A5-DC6ACE2BCD67} = {041897A7-99AB-46DC-99A5-DC6ACE2BCD67}
	EndProjectSection
EndProject
Project("{8BC9CEB8-8B4A-11D0-8D11-00A0C91BC942}") = "fstsymbols", "fstsymbols\fstsymbols.vcxproj", "{BC8FBAFC-F633-4052-A32C-C597E8A6A512}"
	ProjectSection(ProjectDependencies) = postProject
		{041897A7-99AB-46DC-99A5-DC6ACE2BCD67} = {041897A7-99AB-46DC-99A5-DC6ACE2BCD67}
	EndProjectSection
EndProject
Project("{2150E333-8FDC-42A3-9474-1A3956D46DE8}") = "linear", "linear", "{C9E8BE4A-F8CA-442F-BC12-94C9477EA50F}"
EndProject
Project("{8BC9CEB8-8B4A-11D0-8D11-00A0C91BC942}") = "fstlinear", "fstlinear\fstlinear.vcxproj", "{4C656D67-44E2-459F-AD32-43DFAF4F29B9}"
	ProjectSection(ProjectDependencies) = postProject
		{041897A7-99AB-46DC-99A5-DC6ACE2BCD67} = {041897A7-99AB-46DC-99A5-DC6ACE2BCD67}
	EndProjectSection
EndProject
Project("{8BC9CEB8-8B4A-11D0-8D11-00A0C91BC942}") = "fstloglinearapply", "fstloglinearapply\fstloglinearapply.vcxproj", "{870F09F9-7447-4E08-8D48-75A2649E7E9F}"
	ProjectSection(ProjectDependencies) = postProject
		{041897A7-99AB-46DC-99A5-DC6ACE2BCD67} = {041897A7-99AB-46DC-99A5-DC6ACE2BCD67}
	EndProjectSection
EndProject
Project("{8BC9CEB8-8B4A-11D0-8D11-00A0C91BC942}") = "fstdisambiguate", "fstdisambiguate\fstdisambiguate.vcxproj", "{7B0026EC-D388-4917-8DB8-5C5A29352C0C}"
	ProjectSection(ProjectDependencies) = postProject
		{041897A7-99AB-46DC-99A5-DC6ACE2BCD67} = {041897A7-99AB-46DC-99A5-DC6ACE2BCD67}
	EndProjectSection
EndProject
Global
	GlobalSection(SolutionConfigurationPlatforms) = preSolution
		Debug|Any CPU = Debug|Any CPU
		Debug|Mixed Platforms = Debug|Mixed Platforms
		Debug|Win32 = Debug|Win32
		Debug|x64 = Debug|x64
		Debug|x86 = Debug|x86
		Release|Any CPU = Release|Any CPU
		Release|Mixed Platforms = Release|Mixed Platforms
		Release|Win32 = Release|Win32
		Release|x64 = Release|x64
		Release|x86 = Release|x86
	EndGlobalSection
	GlobalSection(ProjectConfigurationPlatforms) = postSolution
		{0B1613EF-02D5-418E-B1AB-E5D7A1EF2F90}.Debug|Any CPU.ActiveCfg = Debug|Win32
		{0B1613EF-02D5-418E-B1AB-E5D7A1EF2F90}.Debug|Mixed Platforms.ActiveCfg = Debug|Win32
		{0B1613EF-02D5-418E-B1AB-E5D7A1EF2F90}.Debug|Mixed Platforms.Build.0 = Debug|Win32
		{0B1613EF-02D5-418E-B1AB-E5D7A1EF2F90}.Debug|Win32.ActiveCfg = Debug|Win32
		{0B1613EF-02D5-418E-B1AB-E5D7A1EF2F90}.Debug|Win32.Build.0 = Debug|Win32
		{0B1613EF-02D5-418E-B1AB-E5D7A1EF2F90}.Debug|x64.ActiveCfg = Debug|x64
		{0B1613EF-02D5-418E-B1AB-E5D7A1EF2F90}.Debug|x64.Build.0 = Debug|x64
		{0B1613EF-02D5-418E-B1AB-E5D7A1EF2F90}.Debug|x86.ActiveCfg = Debug|x64
		{0B1613EF-02D5-418E-B1AB-E5D7A1EF2F90}.Release|Any CPU.ActiveCfg = Release|Win32
		{0B1613EF-02D5-418E-B1AB-E5D7A1EF2F90}.Release|Mixed Platforms.ActiveCfg = Release|Win32
		{0B1613EF-02D5-418E-B1AB-E5D7A1EF2F90}.Release|Mixed Platforms.Build.0 = Release|Win32
		{0B1613EF-02D5-418E-B1AB-E5D7A1EF2F90}.Release|Win32.ActiveCfg = Release|Win32
		{0B1613EF-02D5-418E-B1AB-E5D7A1EF2F90}.Release|Win32.Build.0 = Release|Win32
		{0B1613EF-02D5-418E-B1AB-E5D7A1EF2F90}.Release|x64.ActiveCfg = Release|x64
		{0B1613EF-02D5-418E-B1AB-E5D7A1EF2F90}.Release|x64.Build.0 = Release|x64
		{0B1613EF-02D5-418E-B1AB-E5D7A1EF2F90}.Release|x86.ActiveCfg = Release|x64
		{47EB8854-19B5-4189-B852-C1E02478503F}.Debug|Any CPU.ActiveCfg = Debug|Win32
		{47EB8854-19B5-4189-B852-C1E02478503F}.Debug|Mixed Platforms.ActiveCfg = Debug|Win32
		{47EB8854-19B5-4189-B852-C1E02478503F}.Debug|Mixed Platforms.Build.0 = Debug|Win32
		{47EB8854-19B5-4189-B852-C1E02478503F}.Debug|Win32.ActiveCfg = Debug|Win32
		{47EB8854-19B5-4189-B852-C1E02478503F}.Debug|Win32.Build.0 = Debug|Win32
		{47EB8854-19B5-4189-B852-C1E02478503F}.Debug|x64.ActiveCfg = Debug|x64
		{47EB8854-19B5-4189-B852-C1E02478503F}.Debug|x64.Build.0 = Debug|x64
		{47EB8854-19B5-4189-B852-C1E02478503F}.Debug|x86.ActiveCfg = Debug|x64
		{47EB8854-19B5-4189-B852-C1E02478503F}.Release|Any CPU.ActiveCfg = Release|Win32
		{47EB8854-19B5-4189-B852-C1E02478503F}.Release|Mixed Platforms.ActiveCfg = Release|Win32
		{47EB8854-19B5-4189-B852-C1E02478503F}.Release|Mixed Platforms.Build.0 = Release|Win32
		{47EB8854-19B5-4189-B852-C1E02478503F}.Release|Win32.ActiveCfg = Release|Win32
		{47EB8854-19B5-4189-B852-C1E02478503F}.Release|Win32.Build.0 = Release|Win32
		{47EB8854-19B5-4189-B852-C1E02478503F}.Release|x64.ActiveCfg = Release|x64
		{47EB8854-19B5-4189-B852-C1E02478503F}.Release|x64.Build.0 = Release|x64
		{47EB8854-19B5-4189-B852-C1E02478503F}.Release|x86.ActiveCfg = Release|x64
		{34EE184C-9B4B-4736-9B34-1B1C87F1DD09}.Debug|Any CPU.ActiveCfg = Debug|Win32
		{34EE184C-9B4B-4736-9B34-1B1C87F1DD09}.Debug|Mixed Platforms.ActiveCfg = Debug|Win32
		{34EE184C-9B4B-4736-9B34-1B1C87F1DD09}.Debug|Mixed Platforms.Build.0 = Debug|Win32
		{34EE184C-9B4B-4736-9B34-1B1C87F1DD09}.Debug|Win32.ActiveCfg = Debug|Win32
		{34EE184C-9B4B-4736-9B34-1B1C87F1DD09}.Debug|Win32.Build.0 = Debug|Win32
		{34EE184C-9B4B-4736-9B34-1B1C87F1DD09}.Debug|x64.ActiveCfg = Debug|x64
		{34EE184C-9B4B-4736-9B34-1B1C87F1DD09}.Debug|x64.Build.0 = Debug|x64
		{34EE184C-9B4B-4736-9B34-1B1C87F1DD09}.Debug|x86.ActiveCfg = Debug|x64
		{34EE184C-9B4B-4736-9B34-1B1C87F1DD09}.Release|Any CPU.ActiveCfg = Release|Win32
		{34EE184C-9B4B-4736-9B34-1B1C87F1DD09}.Release|Mixed Platforms.ActiveCfg = Release|Win32
		{34EE184C-9B4B-4736-9B34-1B1C87F1DD09}.Release|Mixed Platforms.Build.0 = Release|Win32
		{34EE184C-9B4B-4736-9B34-1B1C87F1DD09}.Release|Win32.ActiveCfg = Release|Win32
		{34EE184C-9B4B-4736-9B34-1B1C87F1DD09}.Release|Win32.Build.0 = Release|Win32
		{34EE184C-9B4B-4736-9B34-1B1C87F1DD09}.Release|x64.ActiveCfg = Release|x64
		{34EE184C-9B4B-4736-9B34-1B1C87F1DD09}.Release|x64.Build.0 = Release|x64
		{34EE184C-9B4B-4736-9B34-1B1C87F1DD09}.Release|x86.ActiveCfg = Release|x64
		{03196215-4A20-4C0A-8D78-C120D5923C73}.Debug|Any CPU.ActiveCfg = Debug|Win32
		{03196215-4A20-4C0A-8D78-C120D5923C73}.Debug|Mixed Platforms.ActiveCfg = Debug|Win32
		{03196215-4A20-4C0A-8D78-C120D5923C73}.Debug|Mixed Platforms.Build.0 = Debug|Win32
		{03196215-4A20-4C0A-8D78-C120D5923C73}.Debug|Win32.ActiveCfg = Debug|Win32
		{03196215-4A20-4C0A-8D78-C120D5923C73}.Debug|Win32.Build.0 = Debug|Win32
		{03196215-4A20-4C0A-8D78-C120D5923C73}.Debug|x64.ActiveCfg = Debug|x64
		{03196215-4A20-4C0A-8D78-C120D5923C73}.Debug|x64.Build.0 = Debug|x64
		{03196215-4A20-4C0A-8D78-C120D5923C73}.Debug|x86.ActiveCfg = Debug|x64
		{03196215-4A20-4C0A-8D78-C120D5923C73}.Release|Any CPU.ActiveCfg = Release|Win32
		{03196215-4A20-4C0A-8D78-C120D5923C73}.Release|Mixed Platforms.ActiveCfg = Release|Win32
		{03196215-4A20-4C0A-8D78-C120D5923C73}.Release|Mixed Platforms.Build.0 = Release|Win32
		{03196215-4A20-4C0A-8D78-C120D5923C73}.Release|Win32.ActiveCfg = Release|Win32
		{03196215-4A20-4C0A-8D78-C120D5923C73}.Release|Win32.Build.0 = Release|Win32
		{03196215-4A20-4C0A-8D78-C120D5923C73}.Release|x64.ActiveCfg = Release|x64
		{03196215-4A20-4C0A-8D78-C120D5923C73}.Release|x64.Build.0 = Release|x64
		{03196215-4A20-4C0A-8D78-C120D5923C73}.Release|x86.ActiveCfg = Release|x64
		{F3EB5FBF-8E64-4B3F-843E-18234CB5C882}.Debug|Any CPU.ActiveCfg = Debug|Win32
		{F3EB5FBF-8E64-4B3F-843E-18234CB5C882}.Debug|Mixed Platforms.ActiveCfg = Debug|Win32
		{F3EB5FBF-8E64-4B3F-843E-18234CB5C882}.Debug|Mixed Platforms.Build.0 = Debug|Win32
		{F3EB5FBF-8E64-4B3F-843E-18234CB5C882}.Debug|Win32.ActiveCfg = Debug|Win32
		{F3EB5FBF-8E64-4B3F-843E-18234CB5C882}.Debug|Win32.Build.0 = Debug|Win32
		{F3EB5FBF-8E64-4B3F-843E-18234CB5C882}.Debug|x64.ActiveCfg = Debug|x64
		{F3EB5FBF-8E64-4B3F-843E-18234CB5C882}.Debug|x64.Build.0 = Debug|x64
		{F3EB5FBF-8E64-4B3F-843E-18234CB5C882}.Debug|x86.ActiveCfg = Debug|x64
		{F3EB5FBF-8E64-4B3F-843E-18234CB5C882}.Release|Any CPU.ActiveCfg = Release|Win32
		{F3EB5FBF-8E64-4B3F-843E-18234CB5C882}.Release|Mixed Platforms.ActiveCfg = Release|Win32
		{F3EB5FBF-8E64-4B3F-843E-18234CB5C882}.Release|Mixed Platforms.Build.0 = Release|Win32
		{F3EB5FBF-8E64-4B3F-843E-18234CB5C882}.Release|Win32.ActiveCfg = Release|Win32
		{F3EB5FBF-8E64-4B3F-843E-18234CB5C882}.Release|Win32.Build.0 = Release|Win32
		{F3EB5FBF-8E64-4B3F-843E-18234CB5C882}.Release|x64.ActiveCfg = Release|x64
		{F3EB5FBF-8E64-4B3F-843E-18234CB5C882}.Release|x64.Build.0 = Release|x64
		{F3EB5FBF-8E64-4B3F-843E-18234CB5C882}.Release|x86.ActiveCfg = Release|x64
		{E9428B6C-1AF9-4D77-A87E-CCF35C00F042}.Debug|Any CPU.ActiveCfg = Debug|Win32
		{E9428B6C-1AF9-4D77-A87E-CCF35C00F042}.Debug|Mixed Platforms.ActiveCfg = Debug|Win32
		{E9428B6C-1AF9-4D77-A87E-CCF35C00F042}.Debug|Mixed Platforms.Build.0 = Debug|Win32
		{E9428B6C-1AF9-4D77-A87E-CCF35C00F042}.Debug|Win32.ActiveCfg = Debug|Win32
		{E9428B6C-1AF9-4D77-A87E-CCF35C00F042}.Debug|Win32.Build.0 = Debug|Win32
		{E9428B6C-1AF9-4D77-A87E-CCF35C00F042}.Debug|x64.ActiveCfg = Debug|x64
		{E9428B6C-1AF9-4D77-A87E-CCF35C00F042}.Debug|x64.Build.0 = Debug|x64
		{E9428B6C-1AF9-4D77-A87E-CCF35C00F042}.Debug|x86.ActiveCfg = Debug|x64
		{E9428B6C-1AF9-4D77-A87E-CCF35C00F042}.Release|Any CPU.ActiveCfg = Release|Win32
		{E9428B6C-1AF9-4D77-A87E-CCF35C00F042}.Release|Mixed Platforms.ActiveCfg = Release|Win32
		{E9428B6C-1AF9-4D77-A87E-CCF35C00F042}.Release|Mixed Platforms.Build.0 = Release|Win32
		{E9428B6C-1AF9-4D77-A87E-CCF35C00F042}.Release|Win32.ActiveCfg = Release|Win32
		{E9428B6C-1AF9-4D77-A87E-CCF35C00F042}.Release|Win32.Build.0 = Release|Win32
		{E9428B6C-1AF9-4D77-A87E-CCF35C00F042}.Release|x64.ActiveCfg = Release|x64
		{E9428B6C-1AF9-4D77-A87E-CCF35C00F042}.Release|x64.Build.0 = Release|x64
		{E9428B6C-1AF9-4D77-A87E-CCF35C00F042}.Release|x86.ActiveCfg = Release|x64
		{47EA7AD5-46A4-4FD1-AE81-AF65BD48B9BF}.Debug|Any CPU.ActiveCfg = Debug|Win32
		{47EA7AD5-46A4-4FD1-AE81-AF65BD48B9BF}.Debug|Mixed Platforms.ActiveCfg = Debug|Win32
		{47EA7AD5-46A4-4FD1-AE81-AF65BD48B9BF}.Debug|Mixed Platforms.Build.0 = Debug|Win32
		{47EA7AD5-46A4-4FD1-AE81-AF65BD48B9BF}.Debug|Win32.ActiveCfg = Debug|Win32
		{47EA7AD5-46A4-4FD1-AE81-AF65BD48B9BF}.Debug|Win32.Build.0 = Debug|Win32
		{47EA7AD5-46A4-4FD1-AE81-AF65BD48B9BF}.Debug|x64.ActiveCfg = Debug|x64
		{47EA7AD5-46A4-4FD1-AE81-AF65BD48B9BF}.Debug|x64.Build.0 = Debug|x64
		{47EA7AD5-46A4-4FD1-AE81-AF65BD48B9BF}.Debug|x86.ActiveCfg = Debug|x64
		{47EA7AD5-46A4-4FD1-AE81-AF65BD48B9BF}.Release|Any CPU.ActiveCfg = Release|Win32
		{47EA7AD5-46A4-4FD1-AE81-AF65BD48B9BF}.Release|Mixed Platforms.ActiveCfg = Release|Win32
		{47EA7AD5-46A4-4FD1-AE81-AF65BD48B9BF}.Release|Mixed Platforms.Build.0 = Release|Win32
		{47EA7AD5-46A4-4FD1-AE81-AF65BD48B9BF}.Release|Win32.ActiveCfg = Release|Win32
		{47EA7AD5-46A4-4FD1-AE81-AF65BD48B9BF}.Release|Win32.Build.0 = Release|Win32
		{47EA7AD5-46A4-4FD1-AE81-AF65BD48B9BF}.Release|x64.ActiveCfg = Release|x64
		{47EA7AD5-46A4-4FD1-AE81-AF65BD48B9BF}.Release|x64.Build.0 = Release|x64
		{47EA7AD5-46A4-4FD1-AE81-AF65BD48B9BF}.Release|x86.ActiveCfg = Release|x64
		{29CA01A8-D212-4BB7-B607-F141ACB5FE70}.Debug|Any CPU.ActiveCfg = Debug|Win32
		{29CA01A8-D212-4BB7-B607-F141ACB5FE70}.Debug|Mixed Platforms.ActiveCfg = Debug|Win32
		{29CA01A8-D212-4BB7-B607-F141ACB5FE70}.Debug|Mixed Platforms.Build.0 = Debug|Win32
		{29CA01A8-D212-4BB7-B607-F141ACB5FE70}.Debug|Win32.ActiveCfg = Debug|Win32
		{29CA01A8-D212-4BB7-B607-F141ACB5FE70}.Debug|Win32.Build.0 = Debug|Win32
		{29CA01A8-D212-4BB7-B607-F141ACB5FE70}.Debug|x64.ActiveCfg = Debug|x64
		{29CA01A8-D212-4BB7-B607-F141ACB5FE70}.Debug|x64.Build.0 = Debug|x64
		{29CA01A8-D212-4BB7-B607-F141ACB5FE70}.Debug|x86.ActiveCfg = Debug|x64
		{29CA01A8-D212-4BB7-B607-F141ACB5FE70}.Release|Any CPU.ActiveCfg = Release|Win32
		{29CA01A8-D212-4BB7-B607-F141ACB5FE70}.Release|Mixed Platforms.ActiveCfg = Release|Win32
		{29CA01A8-D212-4BB7-B607-F141ACB5FE70}.Release|Mixed Platforms.Build.0 = Release|Win32
		{29CA01A8-D212-4BB7-B607-F141ACB5FE70}.Release|Win32.ActiveCfg = Release|Win32
		{29CA01A8-D212-4BB7-B607-F141ACB5FE70}.Release|Win32.Build.0 = Release|Win32
		{29CA01A8-D212-4BB7-B607-F141ACB5FE70}.Release|x64.ActiveCfg = Release|x64
		{29CA01A8-D212-4BB7-B607-F141ACB5FE70}.Release|x64.Build.0 = Release|x64
		{29CA01A8-D212-4BB7-B607-F141ACB5FE70}.Release|x86.ActiveCfg = Release|x64
		{F7863DE6-79AE-4D49-B44A-0313167861AF}.Debug|Any CPU.ActiveCfg = Debug|Win32
		{F7863DE6-79AE-4D49-B44A-0313167861AF}.Debug|Mixed Platforms.ActiveCfg = Debug|Win32
		{F7863DE6-79AE-4D49-B44A-0313167861AF}.Debug|Mixed Platforms.Build.0 = Debug|Win32
		{F7863DE6-79AE-4D49-B44A-0313167861AF}.Debug|Win32.ActiveCfg = Debug|Win32
		{F7863DE6-79AE-4D49-B44A-0313167861AF}.Debug|Win32.Build.0 = Debug|Win32
		{F7863DE6-79AE-4D49-B44A-0313167861AF}.Debug|x64.ActiveCfg = Debug|x64
		{F7863DE6-79AE-4D49-B44A-0313167861AF}.Debug|x64.Build.0 = Debug|x64
		{F7863DE6-79AE-4D49-B44A-0313167861AF}.Debug|x86.ActiveCfg = Debug|x64
		{F7863DE6-79AE-4D49-B44A-0313167861AF}.Release|Any CPU.ActiveCfg = Release|Win32
		{F7863DE6-79AE-4D49-B44A-0313167861AF}.Release|Mixed Platforms.ActiveCfg = Release|Win32
		{F7863DE6-79AE-4D49-B44A-0313167861AF}.Release|Mixed Platforms.Build.0 = Release|Win32
		{F7863DE6-79AE-4D49-B44A-0313167861AF}.Release|Win32.ActiveCfg = Release|Win32
		{F7863DE6-79AE-4D49-B44A-0313167861AF}.Release|Win32.Build.0 = Release|Win32
		{F7863DE6-79AE-4D49-B44A-0313167861AF}.Release|x64.ActiveCfg = Release|x64
		{F7863DE6-79AE-4D49-B44A-0313167861AF}.Release|x64.Build.0 = Release|x64
		{F7863DE6-79AE-4D49-B44A-0313167861AF}.Release|x86.ActiveCfg = Release|x64
		{BFFC8B89-D5D3-4CF0-97ED-42CF072B837D}.Debug|Any CPU.ActiveCfg = Debug|Win32
		{BFFC8B89-D5D3-4CF0-97ED-42CF072B837D}.Debug|Mixed Platforms.ActiveCfg = Debug|Win32
		{BFFC8B89-D5D3-4CF0-97ED-42CF072B837D}.Debug|Mixed Platforms.Build.0 = Debug|Win32
		{BFFC8B89-D5D3-4CF0-97ED-42CF072B837D}.Debug|Win32.ActiveCfg = Debug|Win32
		{BFFC8B89-D5D3-4CF0-97ED-42CF072B837D}.Debug|Win32.Build.0 = Debug|Win32
		{BFFC8B89-D5D3-4CF0-97ED-42CF072B837D}.Debug|x64.ActiveCfg = Debug|x64
		{BFFC8B89-D5D3-4CF0-97ED-42CF072B837D}.Debug|x64.Build.0 = Debug|x64
		{BFFC8B89-D5D3-4CF0-97ED-42CF072B837D}.Debug|x86.ActiveCfg = Debug|x64
		{BFFC8B89-D5D3-4CF0-97ED-42CF072B837D}.Release|Any CPU.ActiveCfg = Release|Win32
		{BFFC8B89-D5D3-4CF0-97ED-42CF072B837D}.Release|Mixed Platforms.ActiveCfg = Release|Win32
		{BFFC8B89-D5D3-4CF0-97ED-42CF072B837D}.Release|Mixed Platforms.Build.0 = Release|Win32
		{BFFC8B89-D5D3-4CF0-97ED-42CF072B837D}.Release|Win32.ActiveCfg = Release|Win32
		{BFFC8B89-D5D3-4CF0-97ED-42CF072B837D}.Release|Win32.Build.0 = Release|Win32
		{BFFC8B89-D5D3-4CF0-97ED-42CF072B837D}.Release|x64.ActiveCfg = Release|x64
		{BFFC8B89-D5D3-4CF0-97ED-42CF072B837D}.Release|x64.Build.0 = Release|x64
		{BFFC8B89-D5D3-4CF0-97ED-42CF072B837D}.Release|x86.ActiveCfg = Release|x64
		{5D8D7732-1C6E-48FA-8A3D-24F7A45FB5F3}.Debug|Any CPU.ActiveCfg = Debug|Win32
		{5D8D7732-1C6E-48FA-8A3D-24F7A45FB5F3}.Debug|Mixed Platforms.ActiveCfg = Debug|Win32
		{5D8D7732-1C6E-48FA-8A3D-24F7A45FB5F3}.Debug|Mixed Platforms.Build.0 = Debug|Win32
		{5D8D7732-1C6E-48FA-8A3D-24F7A45FB5F3}.Debug|Win32.ActiveCfg = Debug|Win32
		{5D8D7732-1C6E-48FA-8A3D-24F7A45FB5F3}.Debug|Win32.Build.0 = Debug|Win32
		{5D8D7732-1C6E-48FA-8A3D-24F7A45FB5F3}.Debug|x64.ActiveCfg = Debug|x64
		{5D8D7732-1C6E-48FA-8A3D-24F7A45FB5F3}.Debug|x64.Build.0 = Debug|x64
		{5D8D7732-1C6E-48FA-8A3D-24F7A45FB5F3}.Debug|x86.ActiveCfg = Debug|x64
		{5D8D7732-1C6E-48FA-8A3D-24F7A45FB5F3}.Release|Any CPU.ActiveCfg = Release|Win32
		{5D8D7732-1C6E-48FA-8A3D-24F7A45FB5F3}.Release|Mixed Platforms.ActiveCfg = Release|Win32
		{5D8D7732-1C6E-48FA-8A3D-24F7A45FB5F3}.Release|Mixed Platforms.Build.0 = Release|Win32
		{5D8D7732-1C6E-48FA-8A3D-24F7A45FB5F3}.Release|Win32.ActiveCfg = Release|Win32
		{5D8D7732-1C6E-48FA-8A3D-24F7A45FB5F3}.Release|Win32.Build.0 = Release|Win32
		{5D8D7732-1C6E-48FA-8A3D-24F7A45FB5F3}.Release|x64.ActiveCfg = Release|x64
		{5D8D7732-1C6E-48FA-8A3D-24F7A45FB5F3}.Release|x64.Build.0 = Release|x64
		{5D8D7732-1C6E-48FA-8A3D-24F7A45FB5F3}.Release|x86.ActiveCfg = Release|x64
		{0B4AD869-2D67-4AC6-A70C-C0BD8FDFD3C5}.Debug|Any CPU.ActiveCfg = Debug|Win32
		{0B4AD869-2D67-4AC6-A70C-C0BD8FDFD3C5}.Debug|Mixed Platforms.ActiveCfg = Debug|Win32
		{0B4AD869-2D67-4AC6-A70C-C0BD8FDFD3C5}.Debug|Mixed Platforms.Build.0 = Debug|Win32
		{0B4AD869-2D67-4AC6-A70C-C0BD8FDFD3C5}.Debug|Win32.ActiveCfg = Debug|Win32
		{0B4AD869-2D67-4AC6-A70C-C0BD8FDFD3C5}.Debug|Win32.Build.0 = Debug|Win32
		{0B4AD869-2D67-4AC6-A70C-C0BD8FDFD3C5}.Debug|x64.ActiveCfg = Debug|x64
		{0B4AD869-2D67-4AC6-A70C-C0BD8FDFD3C5}.Debug|x64.Build.0 = Debug|x64
		{0B4AD869-2D67-4AC6-A70C-C0BD8FDFD3C5}.Debug|x86.ActiveCfg = Debug|x64
		{0B4AD869-2D67-4AC6-A70C-C0BD8FDFD3C5}.Release|Any CPU.ActiveCfg = Release|Win32
		{0B4AD869-2D67-4AC6-A70C-C0BD8FDFD3C5}.Release|Mixed Platforms.ActiveCfg = Release|Win32
		{0B4AD869-2D67-4AC6-A70C-C0BD8FDFD3C5}.Release|Mixed Platforms.Build.0 = Release|Win32
		{0B4AD869-2D67-4AC6-A70C-C0BD8FDFD3C5}.Release|Win32.ActiveCfg = Release|Win32
		{0B4AD869-2D67-4AC6-A70C-C0BD8FDFD3C5}.Release|Win32.Build.0 = Release|Win32
		{0B4AD869-2D67-4AC6-A70C-C0BD8FDFD3C5}.Release|x64.ActiveCfg = Release|x64
		{0B4AD869-2D67-4AC6-A70C-C0BD8FDFD3C5}.Release|x64.Build.0 = Release|x64
		{0B4AD869-2D67-4AC6-A70C-C0BD8FDFD3C5}.Release|x86.ActiveCfg = Release|x64
		{1E26269D-572D-4F4D-81E4-F99ADF037D02}.Debug|Any CPU.ActiveCfg = Debug|Win32
		{1E26269D-572D-4F4D-81E4-F99ADF037D02}.Debug|Mixed Platforms.ActiveCfg = Debug|Win32
		{1E26269D-572D-4F4D-81E4-F99ADF037D02}.Debug|Mixed Platforms.Build.0 = Debug|Win32
		{1E26269D-572D-4F4D-81E4-F99ADF037D02}.Debug|Win32.ActiveCfg = Debug|Win32
		{1E26269D-572D-4F4D-81E4-F99ADF037D02}.Debug|Win32.Build.0 = Debug|Win32
		{1E26269D-572D-4F4D-81E4-F99ADF037D02}.Debug|x64.ActiveCfg = Debug|x64
		{1E26269D-572D-4F4D-81E4-F99ADF037D02}.Debug|x64.Build.0 = Debug|x64
		{1E26269D-572D-4F4D-81E4-F99ADF037D02}.Debug|x86.ActiveCfg = Debug|x64
		{1E26269D-572D-4F4D-81E4-F99ADF037D02}.Release|Any CPU.ActiveCfg = Release|Win32
		{1E26269D-572D-4F4D-81E4-F99ADF037D02}.Release|Mixed Platforms.ActiveCfg = Release|Win32
		{1E26269D-572D-4F4D-81E4-F99ADF037D02}.Release|Mixed Platforms.Build.0 = Release|Win32
		{1E26269D-572D-4F4D-81E4-F99ADF037D02}.Release|Win32.ActiveCfg = Release|Win32
		{1E26269D-572D-4F4D-81E4-F99ADF037D02}.Release|Win32.Build.0 = Release|Win32
		{1E26269D-572D-4F4D-81E4-F99ADF037D02}.Release|x64.ActiveCfg = Release|x64
		{1E26269D-572D-4F4D-81E4-F99ADF037D02}.Release|x64.Build.0 = Release|x64
		{1E26269D-572D-4F4D-81E4-F99ADF037D02}.Release|x86.ActiveCfg = Release|x64
		{581A7669-60B5-4EB2-BBBA-4A2CC8E35C43}.Debug|Any CPU.ActiveCfg = Debug|Win32
		{581A7669-60B5-4EB2-BBBA-4A2CC8E35C43}.Debug|Mixed Platforms.ActiveCfg = Debug|Win32
		{581A7669-60B5-4EB2-BBBA-4A2CC8E35C43}.Debug|Mixed Platforms.Build.0 = Debug|Win32
		{581A7669-60B5-4EB2-BBBA-4A2CC8E35C43}.Debug|Win32.ActiveCfg = Debug|Win32
		{581A7669-60B5-4EB2-BBBA-4A2CC8E35C43}.Debug|Win32.Build.0 = Debug|Win32
		{581A7669-60B5-4EB2-BBBA-4A2CC8E35C43}.Debug|x64.ActiveCfg = Debug|x64
		{581A7669-60B5-4EB2-BBBA-4A2CC8E35C43}.Debug|x64.Build.0 = Debug|x64
		{581A7669-60B5-4EB2-BBBA-4A2CC8E35C43}.Debug|x86.ActiveCfg = Debug|x64
		{581A7669-60B5-4EB2-BBBA-4A2CC8E35C43}.Release|Any CPU.ActiveCfg = Release|Win32
		{581A7669-60B5-4EB2-BBBA-4A2CC8E35C43}.Release|Mixed Platforms.ActiveCfg = Release|Win32
		{581A7669-60B5-4EB2-BBBA-4A2CC8E35C43}.Release|Mixed Platforms.Build.0 = Release|Win32
		{581A7669-60B5-4EB2-BBBA-4A2CC8E35C43}.Release|Win32.ActiveCfg = Release|Win32
		{581A7669-60B5-4EB2-BBBA-4A2CC8E35C43}.Release|Win32.Build.0 = Release|Win32
		{581A7669-60B5-4EB2-BBBA-4A2CC8E35C43}.Release|x64.ActiveCfg = Release|x64
		{581A7669-60B5-4EB2-BBBA-4A2CC8E35C43}.Release|x64.Build.0 = Release|x64
		{581A7669-60B5-4EB2-BBBA-4A2CC8E35C43}.Release|x86.ActiveCfg = Release|x64
		{3573F28B-57C6-4150-A8D8-E18D217E59CB}.Debug|Any CPU.ActiveCfg = Debug|Win32
		{3573F28B-57C6-4150-A8D8-E18D217E59CB}.Debug|Mixed Platforms.ActiveCfg = Debug|Win32
		{3573F28B-57C6-4150-A8D8-E18D217E59CB}.Debug|Mixed Platforms.Build.0 = Debug|Win32
		{3573F28B-57C6-4150-A8D8-E18D217E59CB}.Debug|Win32.ActiveCfg = Debug|Win32
		{3573F28B-57C6-4150-A8D8-E18D217E59CB}.Debug|Win32.Build.0 = Debug|Win32
		{3573F28B-57C6-4150-A8D8-E18D217E59CB}.Debug|x64.ActiveCfg = Debug|x64
		{3573F28B-57C6-4150-A8D8-E18D217E59CB}.Debug|x64.Build.0 = Debug|x64
		{3573F28B-57C6-4150-A8D8-E18D217E59CB}.Debug|x86.ActiveCfg = Debug|x64
		{3573F28B-57C6-4150-A8D8-E18D217E59CB}.Release|Any CPU.ActiveCfg = Release|Win32
		{3573F28B-57C6-4150-A8D8-E18D217E59CB}.Release|Mixed Platforms.ActiveCfg = Release|Win32
		{3573F28B-57C6-4150-A8D8-E18D217E59CB}.Release|Mixed Platforms.Build.0 = Release|Win32
		{3573F28B-57C6-4150-A8D8-E18D217E59CB}.Release|Win32.ActiveCfg = Release|Win32
		{3573F28B-57C6-4150-A8D8-E18D217E59CB}.Release|Win32.Build.0 = Release|Win32
		{3573F28B-57C6-4150-A8D8-E18D217E59CB}.Release|x64.ActiveCfg = Release|x64
		{3573F28B-57C6-4150-A8D8-E18D217E59CB}.Release|x64.Build.0 = Release|x64
		{3573F28B-57C6-4150-A8D8-E18D217E59CB}.Release|x86.ActiveCfg = Release|x64
		{355EA728-B104-4555-8FDF-97F52BA0D0E9}.Debug|Any CPU.ActiveCfg = Debug|Win32
		{355EA728-B104-4555-8FDF-97F52BA0D0E9}.Debug|Mixed Platforms.ActiveCfg = Debug|Win32
		{355EA728-B104-4555-8FDF-97F52BA0D0E9}.Debug|Mixed Platforms.Build.0 = Debug|Win32
		{355EA728-B104-4555-8FDF-97F52BA0D0E9}.Debug|Win32.ActiveCfg = Debug|Win32
		{355EA728-B104-4555-8FDF-97F52BA0D0E9}.Debug|Win32.Build.0 = Debug|Win32
		{355EA728-B104-4555-8FDF-97F52BA0D0E9}.Debug|x64.ActiveCfg = Debug|x64
		{355EA728-B104-4555-8FDF-97F52BA0D0E9}.Debug|x64.Build.0 = Debug|x64
		{355EA728-B104-4555-8FDF-97F52BA0D0E9}.Debug|x86.ActiveCfg = Debug|x64
		{355EA728-B104-4555-8FDF-97F52BA0D0E9}.Release|Any CPU.ActiveCfg = Release|Win32
		{355EA728-B104-4555-8FDF-97F52BA0D0E9}.Release|Mixed Platforms.ActiveCfg = Release|Win32
		{355EA728-B104-4555-8FDF-97F52BA0D0E9}.Release|Mixed Platforms.Build.0 = Release|Win32
		{355EA728-B104-4555-8FDF-97F52BA0D0E9}.Release|Win32.ActiveCfg = Release|Win32
		{355EA728-B104-4555-8FDF-97F52BA0D0E9}.Release|Win32.Build.0 = Release|Win32
		{355EA728-B104-4555-8FDF-97F52BA0D0E9}.Release|x64.ActiveCfg = Release|x64
		{355EA728-B104-4555-8FDF-97F52BA0D0E9}.Release|x64.Build.0 = Release|x64
		{355EA728-B104-4555-8FDF-97F52BA0D0E9}.Release|x86.ActiveCfg = Release|x64
		{EC73EABB-19FE-403F-8AB0-DA383CC0C52C}.Debug|Any CPU.ActiveCfg = Debug|Win32
		{EC73EABB-19FE-403F-8AB0-DA383CC0C52C}.Debug|Mixed Platforms.ActiveCfg = Debug|Win32
		{EC73EABB-19FE-403F-8AB0-DA383CC0C52C}.Debug|Mixed Platforms.Build.0 = Debug|Win32
		{EC73EABB-19FE-403F-8AB0-DA383CC0C52C}.Debug|Win32.ActiveCfg = Debug|Win32
		{EC73EABB-19FE-403F-8AB0-DA383CC0C52C}.Debug|Win32.Build.0 = Debug|Win32
		{EC73EABB-19FE-403F-8AB0-DA383CC0C52C}.Debug|x64.ActiveCfg = Debug|x64
		{EC73EABB-19FE-403F-8AB0-DA383CC0C52C}.Debug|x64.Build.0 = Debug|x64
		{EC73EABB-19FE-403F-8AB0-DA383CC0C52C}.Debug|x86.ActiveCfg = Debug|x64
		{EC73EABB-19FE-403F-8AB0-DA383CC0C52C}.Release|Any CPU.ActiveCfg = Release|Win32
		{EC73EABB-19FE-403F-8AB0-DA383CC0C52C}.Release|Mixed Platforms.ActiveCfg = Release|Win32
		{EC73EABB-19FE-403F-8AB0-DA383CC0C52C}.Release|Mixed Platforms.Build.0 = Release|Win32
		{EC73EABB-19FE-403F-8AB0-DA383CC0C52C}.Release|Win32.ActiveCfg = Release|Win32
		{EC73EABB-19FE-403F-8AB0-DA383CC0C52C}.Release|Win32.Build.0 = Release|Win32
		{EC73EABB-19FE-403F-8AB0-DA383CC0C52C}.Release|x64.ActiveCfg = Release|x64
		{EC73EABB-19FE-403F-8AB0-DA383CC0C52C}.Release|x64.Build.0 = Release|x64
		{EC73EABB-19FE-403F-8AB0-DA383CC0C52C}.Release|x86.ActiveCfg = Release|x64
		{188EC175-C904-4B16-A29C-1DEB7EC496ED}.Debug|Any CPU.ActiveCfg = Debug|Win32
		{188EC175-C904-4B16-A29C-1DEB7EC496ED}.Debug|Mixed Platforms.ActiveCfg = Debug|Win32
		{188EC175-C904-4B16-A29C-1DEB7EC496ED}.Debug|Mixed Platforms.Build.0 = Debug|Win32
		{188EC175-C904-4B16-A29C-1DEB7EC496ED}.Debug|Win32.ActiveCfg = Debug|Win32
		{188EC175-C904-4B16-A29C-1DEB7EC496ED}.Debug|Win32.Build.0 = Debug|Win32
		{188EC175-C904-4B16-A29C-1DEB7EC496ED}.Debug|x64.ActiveCfg = Debug|x64
		{188EC175-C904-4B16-A29C-1DEB7EC496ED}.Debug|x64.Build.0 = Debug|x64
		{188EC175-C904-4B16-A29C-1DEB7EC496ED}.Debug|x86.ActiveCfg = Debug|x64
		{188EC175-C904-4B16-A29C-1DEB7EC496ED}.Release|Any CPU.ActiveCfg = Release|Win32
		{188EC175-C904-4B16-A29C-1DEB7EC496ED}.Release|Mixed Platforms.ActiveCfg = Release|Win32
		{188EC175-C904-4B16-A29C-1DEB7EC496ED}.Release|Mixed Platforms.Build.0 = Release|Win32
		{188EC175-C904-4B16-A29C-1DEB7EC496ED}.Release|Win32.ActiveCfg = Release|Win32
		{188EC175-C904-4B16-A29C-1DEB7EC496ED}.Release|Win32.Build.0 = Release|Win32
		{188EC175-C904-4B16-A29C-1DEB7EC496ED}.Release|x64.ActiveCfg = Release|x64
		{188EC175-C904-4B16-A29C-1DEB7EC496ED}.Release|x64.Build.0 = Release|x64
		{188EC175-C904-4B16-A29C-1DEB7EC496ED}.Release|x86.ActiveCfg = Release|x64
		{8232F95E-58C0-482D-BE7F-CB9B58971399}.Debug|Any CPU.ActiveCfg = Debug|Win32
		{8232F95E-58C0-482D-BE7F-CB9B58971399}.Debug|Mixed Platforms.ActiveCfg = Debug|Win32
		{8232F95E-58C0-482D-BE7F-CB9B58971399}.Debug|Mixed Platforms.Build.0 = Debug|Win32
		{8232F95E-58C0-482D-BE7F-CB9B58971399}.Debug|Win32.ActiveCfg = Debug|Win32
		{8232F95E-58C0-482D-BE7F-CB9B58971399}.Debug|Win32.Build.0 = Debug|Win32
		{8232F95E-58C0-482D-BE7F-CB9B58971399}.Debug|x64.ActiveCfg = Debug|x64
		{8232F95E-58C0-482D-BE7F-CB9B58971399}.Debug|x64.Build.0 = Debug|x64
		{8232F95E-58C0-482D-BE7F-CB9B58971399}.Debug|x86.ActiveCfg = Debug|x64
		{8232F95E-58C0-482D-BE7F-CB9B58971399}.Release|Any CPU.ActiveCfg = Release|Win32
		{8232F95E-58C0-482D-BE7F-CB9B58971399}.Release|Mixed Platforms.ActiveCfg = Release|Win32
		{8232F95E-58C0-482D-BE7F-CB9B58971399}.Release|Mixed Platforms.Build.0 = Release|Win32
		{8232F95E-58C0-482D-BE7F-CB9B58971399}.Release|Win32.ActiveCfg = Release|Win32
		{8232F95E-58C0-482D-BE7F-CB9B58971399}.Release|Win32.Build.0 = Release|Win32
		{8232F95E-58C0-482D-BE7F-CB9B58971399}.Release|x64.ActiveCfg = Release|x64
		{8232F95E-58C0-482D-BE7F-CB9B58971399}.Release|x64.Build.0 = Release|x64
		{8232F95E-58C0-482D-BE7F-CB9B58971399}.Release|x86.ActiveCfg = Release|x64
		{2444ECBA-614C-4FCD-973A-4FCAAE023E62}.Debug|Any CPU.ActiveCfg = Debug|Win32
		{2444ECBA-614C-4FCD-973A-4FCAAE023E62}.Debug|Mixed Platforms.ActiveCfg = Debug|Win32
		{2444ECBA-614C-4FCD-973A-4FCAAE023E62}.Debug|Mixed Platforms.Build.0 = Debug|Win32
		{2444ECBA-614C-4FCD-973A-4FCAAE023E62}.Debug|Win32.ActiveCfg = Debug|Win32
		{2444ECBA-614C-4FCD-973A-4FCAAE023E62}.Debug|Win32.Build.0 = Debug|Win32
		{2444ECBA-614C-4FCD-973A-4FCAAE023E62}.Debug|x64.ActiveCfg = Debug|x64
		{2444ECBA-614C-4FCD-973A-4FCAAE023E62}.Debug|x64.Build.0 = Debug|x64
		{2444ECBA-614C-4FCD-973A-4FCAAE023E62}.Debug|x86.ActiveCfg = Debug|x64
		{2444ECBA-614C-4FCD-973A-4FCAAE023E62}.Release|Any CPU.ActiveCfg = Release|Win32
		{2444ECBA-614C-4FCD-973A-4FCAAE023E62}.Release|Mixed Platforms.ActiveCfg = Release|Win32
		{2444ECBA-614C-4FCD-973A-4FCAAE023E62}.Release|Mixed Platforms.Build.0 = Release|Win32
		{2444ECBA-614C-4FCD-973A-4FCAAE023E62}.Release|Win32.ActiveCfg = Release|Win32
		{2444ECBA-614C-4FCD-973A-4FCAAE023E62}.Release|Win32.Build.0 = Release|Win32
		{2444ECBA-614C-4FCD-973A-4FCAAE023E62}.Release|x64.ActiveCfg = Release|x64
		{2444ECBA-614C-4FCD-973A-4FCAAE023E62}.Release|x64.Build.0 = Release|x64
		{2444ECBA-614C-4FCD-973A-4FCAAE023E62}.Release|x86.ActiveCfg = Release|x64
		{9323F867-FC72-459C-BA29-D4393A3D139A}.Debug|Any CPU.ActiveCfg = Debug|Win32
		{9323F867-FC72-459C-BA29-D4393A3D139A}.Debug|Mixed Platforms.ActiveCfg = Debug|Win32
		{9323F867-FC72-459C-BA29-D4393A3D139A}.Debug|Mixed Platforms.Build.0 = Debug|Win32
		{9323F867-FC72-459C-BA29-D4393A3D139A}.Debug|Win32.ActiveCfg = Debug|Win32
		{9323F867-FC72-459C-BA29-D4393A3D139A}.Debug|Win32.Build.0 = Debug|Win32
		{9323F867-FC72-459C-BA29-D4393A3D139A}.Debug|x64.ActiveCfg = Debug|x64
		{9323F867-FC72-459C-BA29-D4393A3D139A}.Debug|x64.Build.0 = Debug|x64
		{9323F867-FC72-459C-BA29-D4393A3D139A}.Debug|x86.ActiveCfg = Debug|x64
		{9323F867-FC72-459C-BA29-D4393A3D139A}.Release|Any CPU.ActiveCfg = Release|Win32
		{9323F867-FC72-459C-BA29-D4393A3D139A}.Release|Mixed Platforms.ActiveCfg = Release|Win32
		{9323F867-FC72-459C-BA29-D4393A3D139A}.Release|Mixed Platforms.Build.0 = Release|Win32
		{9323F867-FC72-459C-BA29-D4393A3D139A}.Release|Win32.ActiveCfg = Release|Win32
		{9323F867-FC72-459C-BA29-D4393A3D139A}.Release|Win32.Build.0 = Release|Win32
		{9323F867-FC72-459C-BA29-D4393A3D139A}.Release|x64.ActiveCfg = Release|x64
		{9323F867-FC72-459C-BA29-D4393A3D139A}.Release|x64.Build.0 = Release|x64
		{9323F867-FC72-459C-BA29-D4393A3D139A}.Release|x86.ActiveCfg = Release|x64
		{7120B0E8-A4F8-4944-ABEA-8B382BEC6DAC}.Debug|Any CPU.ActiveCfg = Debug|Win32
		{7120B0E8-A4F8-4944-ABEA-8B382BEC6DAC}.Debug|Mixed Platforms.ActiveCfg = Debug|Win32
		{7120B0E8-A4F8-4944-ABEA-8B382BEC6DAC}.Debug|Mixed Platforms.Build.0 = Debug|Win32
		{7120B0E8-A4F8-4944-ABEA-8B382BEC6DAC}.Debug|Win32.ActiveCfg = Debug|Win32
		{7120B0E8-A4F8-4944-ABEA-8B382BEC6DAC}.Debug|Win32.Build.0 = Debug|Win32
		{7120B0E8-A4F8-4944-ABEA-8B382BEC6DAC}.Debug|x64.ActiveCfg = Debug|x64
		{7120B0E8-A4F8-4944-ABEA-8B382BEC6DAC}.Debug|x64.Build.0 = Debug|x64
		{7120B0E8-A4F8-4944-ABEA-8B382BEC6DAC}.Debug|x86.ActiveCfg = Debug|x64
		{7120B0E8-A4F8-4944-ABEA-8B382BEC6DAC}.Release|Any CPU.ActiveCfg = Release|Win32
		{7120B0E8-A4F8-4944-ABEA-8B382BEC6DAC}.Release|Mixed Platforms.ActiveCfg = Release|Win32
		{7120B0E8-A4F8-4944-ABEA-8B382BEC6DAC}.Release|Mixed Platforms.Build.0 = Release|Win32
		{7120B0E8-A4F8-4944-ABEA-8B382BEC6DAC}.Release|Win32.ActiveCfg = Release|Win32
		{7120B0E8-A4F8-4944-ABEA-8B382BEC6DAC}.Release|Win32.Build.0 = Release|Win32
		{7120B0E8-A4F8-4944-ABEA-8B382BEC6DAC}.Release|x64.ActiveCfg = Release|x64
		{7120B0E8-A4F8-4944-ABEA-8B382BEC6DAC}.Release|x64.Build.0 = Release|x64
		{7120B0E8-A4F8-4944-ABEA-8B382BEC6DAC}.Release|x86.ActiveCfg = Release|x64
		{2CF107E1-3B94-45CE-8D3D-8C9F5BB2532C}.Debug|Any CPU.ActiveCfg = Debug|Win32
		{2CF107E1-3B94-45CE-8D3D-8C9F5BB2532C}.Debug|Mixed Platforms.ActiveCfg = Debug|Win32
		{2CF107E1-3B94-45CE-8D3D-8C9F5BB2532C}.Debug|Mixed Platforms.Build.0 = Debug|Win32
		{2CF107E1-3B94-45CE-8D3D-8C9F5BB2532C}.Debug|Win32.ActiveCfg = Debug|Win32
		{2CF107E1-3B94-45CE-8D3D-8C9F5BB2532C}.Debug|Win32.Build.0 = Debug|Win32
		{2CF107E1-3B94-45CE-8D3D-8C9F5BB2532C}.Debug|x64.ActiveCfg = Debug|x64
		{2CF107E1-3B94-45CE-8D3D-8C9F5BB2532C}.Debug|x64.Build.0 = Debug|x64
		{2CF107E1-3B94-45CE-8D3D-8C9F5BB2532C}.Debug|x86.ActiveCfg = Debug|x64
		{2CF107E1-3B94-45CE-8D3D-8C9F5BB2532C}.Release|Any CPU.ActiveCfg = Release|Win32
		{2CF107E1-3B94-45CE-8D3D-8C9F5BB2532C}.Release|Mixed Platforms.ActiveCfg = Release|Win32
		{2CF107E1-3B94-45CE-8D3D-8C9F5BB2532C}.Release|Mixed Platforms.Build.0 = Release|Win32
		{2CF107E1-3B94-45CE-8D3D-8C9F5BB2532C}.Release|Win32.ActiveCfg = Release|Win32
		{2CF107E1-3B94-45CE-8D3D-8C9F5BB2532C}.Release|Win32.Build.0 = Release|Win32
		{2CF107E1-3B94-45CE-8D3D-8C9F5BB2532C}.Release|x64.ActiveCfg = Release|x64
		{2CF107E1-3B94-45CE-8D3D-8C9F5BB2532C}.Release|x64.Build.0 = Release|x64
		{2CF107E1-3B94-45CE-8D3D-8C9F5BB2532C}.Release|x86.ActiveCfg = Release|x64
		{2EEC6156-C4B7-4899-AC64-595333AF1CB4}.Debug|Any CPU.ActiveCfg = Debug|Win32
		{2EEC6156-C4B7-4899-AC64-595333AF1CB4}.Debug|Mixed Platforms.ActiveCfg = Debug|Win32
		{2EEC6156-C4B7-4899-AC64-595333AF1CB4}.Debug|Mixed Platforms.Build.0 = Debug|Win32
		{2EEC6156-C4B7-4899-AC64-595333AF1CB4}.Debug|Win32.ActiveCfg = Debug|Win32
		{2EEC6156-C4B7-4899-AC64-595333AF1CB4}.Debug|Win32.Build.0 = Debug|Win32
		{2EEC6156-C4B7-4899-AC64-595333AF1CB4}.Debug|x64.ActiveCfg = Debug|x64
		{2EEC6156-C4B7-4899-AC64-595333AF1CB4}.Debug|x64.Build.0 = Debug|x64
		{2EEC6156-C4B7-4899-AC64-595333AF1CB4}.Debug|x86.ActiveCfg = Debug|x64
		{2EEC6156-C4B7-4899-AC64-595333AF1CB4}.Release|Any CPU.ActiveCfg = Release|Win32
		{2EEC6156-C4B7-4899-AC64-595333AF1CB4}.Release|Mixed Platforms.ActiveCfg = Release|Win32
		{2EEC6156-C4B7-4899-AC64-595333AF1CB4}.Release|Mixed Platforms.Build.0 = Release|Win32
		{2EEC6156-C4B7-4899-AC64-595333AF1CB4}.Release|Win32.ActiveCfg = Release|Win32
		{2EEC6156-C4B7-4899-AC64-595333AF1CB4}.Release|Win32.Build.0 = Release|Win32
		{2EEC6156-C4B7-4899-AC64-595333AF1CB4}.Release|x64.ActiveCfg = Release|x64
		{2EEC6156-C4B7-4899-AC64-595333AF1CB4}.Release|x64.Build.0 = Release|x64
		{2EEC6156-C4B7-4899-AC64-595333AF1CB4}.Release|x86.ActiveCfg = Release|x64
		{8C119022-EB6C-4F29-A3A0-0C8FD9DEEBEE}.Debug|Any CPU.ActiveCfg = Debug|Win32
		{8C119022-EB6C-4F29-A3A0-0C8FD9DEEBEE}.Debug|Mixed Platforms.ActiveCfg = Debug|Win32
		{8C119022-EB6C-4F29-A3A0-0C8FD9DEEBEE}.Debug|Mixed Platforms.Build.0 = Debug|Win32
		{8C119022-EB6C-4F29-A3A0-0C8FD9DEEBEE}.Debug|Win32.ActiveCfg = Debug|Win32
		{8C119022-EB6C-4F29-A3A0-0C8FD9DEEBEE}.Debug|Win32.Build.0 = Debug|Win32
		{8C119022-EB6C-4F29-A3A0-0C8FD9DEEBEE}.Debug|x64.ActiveCfg = Debug|x64
		{8C119022-EB6C-4F29-A3A0-0C8FD9DEEBEE}.Debug|x64.Build.0 = Debug|x64
		{8C119022-EB6C-4F29-A3A0-0C8FD9DEEBEE}.Debug|x86.ActiveCfg = Debug|x64
		{8C119022-EB6C-4F29-A3A0-0C8FD9DEEBEE}.Release|Any CPU.ActiveCfg = Release|Win32
		{8C119022-EB6C-4F29-A3A0-0C8FD9DEEBEE}.Release|Mixed Platforms.ActiveCfg = Release|Win32
		{8C119022-EB6C-4F29-A3A0-0C8FD9DEEBEE}.Release|Mixed Platforms.Build.0 = Release|Win32
		{8C119022-EB6C-4F29-A3A0-0C8FD9DEEBEE}.Release|Win32.ActiveCfg = Release|Win32
		{8C119022-EB6C-4F29-A3A0-0C8FD9DEEBEE}.Release|Win32.Build.0 = Release|Win32
		{8C119022-EB6C-4F29-A3A0-0C8FD9DEEBEE}.Release|x64.ActiveCfg = Release|x64
		{8C119022-EB6C-4F29-A3A0-0C8FD9DEEBEE}.Release|x64.Build.0 = Release|x64
		{8C119022-EB6C-4F29-A3A0-0C8FD9DEEBEE}.Release|x86.ActiveCfg = Release|x64
		{88D978FB-122A-4315-A97B-2660D064E43F}.Debug|Any CPU.ActiveCfg = Debug|Win32
		{88D978FB-122A-4315-A97B-2660D064E43F}.Debug|Mixed Platforms.ActiveCfg = Debug|Win32
		{88D978FB-122A-4315-A97B-2660D064E43F}.Debug|Mixed Platforms.Build.0 = Debug|Win32
		{88D978FB-122A-4315-A97B-2660D064E43F}.Debug|Win32.ActiveCfg = Debug|Win32
		{88D978FB-122A-4315-A97B-2660D064E43F}.Debug|Win32.Build.0 = Debug|Win32
		{88D978FB-122A-4315-A97B-2660D064E43F}.Debug|x64.ActiveCfg = Debug|x64
		{88D978FB-122A-4315-A97B-2660D064E43F}.Debug|x64.Build.0 = Debug|x64
		{88D978FB-122A-4315-A97B-2660D064E43F}.Debug|x86.ActiveCfg = Debug|x64
		{88D978FB-122A-4315-A97B-2660D064E43F}.Release|Any CPU.ActiveCfg = Release|Win32
		{88D978FB-122A-4315-A97B-2660D064E43F}.Release|Mixed Platforms.ActiveCfg = Release|Win32
		{88D978FB-122A-4315-A97B-2660D064E43F}.Release|Mixed Platforms.Build.0 = Release|Win32
		{88D978FB-122A-4315-A97B-2660D064E43F}.Release|Win32.ActiveCfg = Release|Win32
		{88D978FB-122A-4315-A97B-2660D064E43F}.Release|Win32.Build.0 = Release|Win32
		{88D978FB-122A-4315-A97B-2660D064E43F}.Release|x64.ActiveCfg = Release|x64
		{88D978FB-122A-4315-A97B-2660D064E43F}.Release|x64.Build.0 = Release|x64
		{88D978FB-122A-4315-A97B-2660D064E43F}.Release|x86.ActiveCfg = Release|x64
		{B25DD202-68D4-4574-89F0-36985E439B99}.Debug|Any CPU.ActiveCfg = Debug|Win32
		{B25DD202-68D4-4574-89F0-36985E439B99}.Debug|Mixed Platforms.ActiveCfg = Debug|Win32
		{B25DD202-68D4-4574-89F0-36985E439B99}.Debug|Mixed Platforms.Build.0 = Debug|Win32
		{B25DD202-68D4-4574-89F0-36985E439B99}.Debug|Win32.ActiveCfg = Debug|Win32
		{B25DD202-68D4-4574-89F0-36985E439B99}.Debug|Win32.Build.0 = Debug|Win32
		{B25DD202-68D4-4574-89F0-36985E439B99}.Debug|x64.ActiveCfg = Debug|x64
		{B25DD202-68D4-4574-89F0-36985E439B99}.Debug|x64.Build.0 = Debug|x64
		{B25DD202-68D4-4574-89F0-36985E439B99}.Debug|x86.ActiveCfg = Debug|x64
		{B25DD202-68D4-4574-89F0-36985E439B99}.Release|Any CPU.ActiveCfg = Release|Win32
		{B25DD202-68D4-4574-89F0-36985E439B99}.Release|Mixed Platforms.ActiveCfg = Release|Win32
		{B25DD202-68D4-4574-89F0-36985E439B99}.Release|Mixed Platforms.Build.0 = Release|Win32
		{B25DD202-68D4-4574-89F0-36985E439B99}.Release|Win32.ActiveCfg = Release|Win32
		{B25DD202-68D4-4574-89F0-36985E439B99}.Release|Win32.Build.0 = Release|Win32
		{B25DD202-68D4-4574-89F0-36985E439B99}.Release|x64.ActiveCfg = Release|x64
		{B25DD202-68D4-4574-89F0-36985E439B99}.Release|x64.Build.0 = Release|x64
		{B25DD202-68D4-4574-89F0-36985E439B99}.Release|x86.ActiveCfg = Release|x64
		{2512F92B-8728-4C03-AB01-B9C1702C475D}.Debug|Any CPU.ActiveCfg = Debug|Win32
		{2512F92B-8728-4C03-AB01-B9C1702C475D}.Debug|Mixed Platforms.ActiveCfg = Debug|Win32
		{2512F92B-8728-4C03-AB01-B9C1702C475D}.Debug|Mixed Platforms.Build.0 = Debug|Win32
		{2512F92B-8728-4C03-AB01-B9C1702C475D}.Debug|Win32.ActiveCfg = Debug|Win32
		{2512F92B-8728-4C03-AB01-B9C1702C475D}.Debug|Win32.Build.0 = Debug|Win32
		{2512F92B-8728-4C03-AB01-B9C1702C475D}.Debug|x64.ActiveCfg = Debug|x64
		{2512F92B-8728-4C03-AB01-B9C1702C475D}.Debug|x64.Build.0 = Debug|x64
		{2512F92B-8728-4C03-AB01-B9C1702C475D}.Debug|x86.ActiveCfg = Debug|x64
		{2512F92B-8728-4C03-AB01-B9C1702C475D}.Release|Any CPU.ActiveCfg = Release|Win32
		{2512F92B-8728-4C03-AB01-B9C1702C475D}.Release|Mixed Platforms.ActiveCfg = Release|Win32
		{2512F92B-8728-4C03-AB01-B9C1702C475D}.Release|Mixed Platforms.Build.0 = Release|Win32
		{2512F92B-8728-4C03-AB01-B9C1702C475D}.Release|Win32.ActiveCfg = Release|Win32
		{2512F92B-8728-4C03-AB01-B9C1702C475D}.Release|Win32.Build.0 = Release|Win32
		{2512F92B-8728-4C03-AB01-B9C1702C475D}.Release|x64.ActiveCfg = Release|x64
		{2512F92B-8728-4C03-AB01-B9C1702C475D}.Release|x64.Build.0 = Release|x64
		{2512F92B-8728-4C03-AB01-B9C1702C475D}.Release|x86.ActiveCfg = Release|x64
		{E711727A-3CAD-4722-8712-D13A91436452}.Debug|Any CPU.ActiveCfg = Debug|Win32
		{E711727A-3CAD-4722-8712-D13A91436452}.Debug|Mixed Platforms.ActiveCfg = Debug|Win32
		{E711727A-3CAD-4722-8712-D13A91436452}.Debug|Mixed Platforms.Build.0 = Debug|Win32
		{E711727A-3CAD-4722-8712-D13A91436452}.Debug|Win32.ActiveCfg = Debug|Win32
		{E711727A-3CAD-4722-8712-D13A91436452}.Debug|Win32.Build.0 = Debug|Win32
		{E711727A-3CAD-4722-8712-D13A91436452}.Debug|x64.ActiveCfg = Debug|x64
		{E711727A-3CAD-4722-8712-D13A91436452}.Debug|x64.Build.0 = Debug|x64
		{E711727A-3CAD-4722-8712-D13A91436452}.Debug|x86.ActiveCfg = Debug|x64
		{E711727A-3CAD-4722-8712-D13A91436452}.Release|Any CPU.ActiveCfg = Release|Win32
		{E711727A-3CAD-4722-8712-D13A91436452}.Release|Mixed Platforms.ActiveCfg = Release|Win32
		{E711727A-3CAD-4722-8712-D13A91436452}.Release|Mixed Platforms.Build.0 = Release|Win32
		{E711727A-3CAD-4722-8712-D13A91436452}.Release|Win32.ActiveCfg = Release|Win32
		{E711727A-3CAD-4722-8712-D13A91436452}.Release|Win32.Build.0 = Release|Win32
		{E711727A-3CAD-4722-8712-D13A91436452}.Release|x64.ActiveCfg = Release|x64
		{E711727A-3CAD-4722-8712-D13A91436452}.Release|x64.Build.0 = Release|x64
		{E711727A-3CAD-4722-8712-D13A91436452}.Release|x86.ActiveCfg = Release|x64
		{B899EF42-2406-4BB9-9BC0-A5476E09F1C5}.Debug|Any CPU.ActiveCfg = Debug|Win32
		{B899EF42-2406-4BB9-9BC0-A5476E09F1C5}.Debug|Mixed Platforms.ActiveCfg = Debug|Win32
		{B899EF42-2406-4BB9-9BC0-A5476E09F1C5}.Debug|Mixed Platforms.Build.0 = Debug|Win32
		{B899EF42-2406-4BB9-9BC0-A5476E09F1C5}.Debug|Win32.ActiveCfg = Debug|Win32
		{B899EF42-2406-4BB9-9BC0-A5476E09F1C5}.Debug|Win32.Build.0 = Debug|Win32
		{B899EF42-2406-4BB9-9BC0-A5476E09F1C5}.Debug|x64.ActiveCfg = Debug|x64
		{B899EF42-2406-4BB9-9BC0-A5476E09F1C5}.Debug|x64.Build.0 = Debug|x64
		{B899EF42-2406-4BB9-9BC0-A5476E09F1C5}.Debug|x86.ActiveCfg = Debug|x64
		{B899EF42-2406-4BB9-9BC0-A5476E09F1C5}.Release|Any CPU.ActiveCfg = Release|Win32
		{B899EF42-2406-4BB9-9BC0-A5476E09F1C5}.Release|Mixed Platforms.ActiveCfg = Release|Win32
		{B899EF42-2406-4BB9-9BC0-A5476E09F1C5}.Release|Mixed Platforms.Build.0 = Release|Win32
		{B899EF42-2406-4BB9-9BC0-A5476E09F1C5}.Release|Win32.ActiveCfg = Release|Win32
		{B899EF42-2406-4BB9-9BC0-A5476E09F1C5}.Release|Win32.Build.0 = Release|Win32
		{B899EF42-2406-4BB9-9BC0-A5476E09F1C5}.Release|x64.ActiveCfg = Release|x64
		{B899EF42-2406-4BB9-9BC0-A5476E09F1C5}.Release|x64.Build.0 = Release|x64
		{B899EF42-2406-4BB9-9BC0-A5476E09F1C5}.Release|x86.ActiveCfg = Release|x64
		{16C772FE-B462-4F44-855E-A001CB155913}.Debug|Any CPU.ActiveCfg = Debug|Win32
		{16C772FE-B462-4F44-855E-A001CB155913}.Debug|Mixed Platforms.ActiveCfg = Debug|Win32
		{16C772FE-B462-4F44-855E-A001CB155913}.Debug|Mixed Platforms.Build.0 = Debug|Win32
		{16C772FE-B462-4F44-855E-A001CB155913}.Debug|Win32.ActiveCfg = Debug|Win32
		{16C772FE-B462-4F44-855E-A001CB155913}.Debug|Win32.Build.0 = Debug|Win32
		{16C772FE-B462-4F44-855E-A001CB155913}.Debug|x64.ActiveCfg = Debug|x64
		{16C772FE-B462-4F44-855E-A001CB155913}.Debug|x64.Build.0 = Debug|x64
		{16C772FE-B462-4F44-855E-A001CB155913}.Debug|x86.ActiveCfg = Debug|x64
		{16C772FE-B462-4F44-855E-A001CB155913}.Release|Any CPU.ActiveCfg = Release|Win32
		{16C772FE-B462-4F44-855E-A001CB155913}.Release|Mixed Platforms.ActiveCfg = Release|Win32
		{16C772FE-B462-4F44-855E-A001CB155913}.Release|Mixed Platforms.Build.0 = Release|Win32
		{16C772FE-B462-4F44-855E-A001CB155913}.Release|Win32.ActiveCfg = Release|Win32
		{16C772FE-B462-4F44-855E-A001CB155913}.Release|Win32.Build.0 = Release|Win32
		{16C772FE-B462-4F44-855E-A001CB155913}.Release|x64.ActiveCfg = Release|x64
		{16C772FE-B462-4F44-855E-A001CB155913}.Release|x64.Build.0 = Release|x64
		{16C772FE-B462-4F44-855E-A001CB155913}.Release|x86.ActiveCfg = Release|x64
		{44908BF1-E385-4580-9A9F-3A62B126C629}.Debug|Any CPU.ActiveCfg = Debug|Win32
		{44908BF1-E385-4580-9A9F-3A62B126C629}.Debug|Mixed Platforms.ActiveCfg = Debug|Win32
		{44908BF1-E385-4580-9A9F-3A62B126C629}.Debug|Mixed Platforms.Build.0 = Debug|Win32
		{44908BF1-E385-4580-9A9F-3A62B126C629}.Debug|Win32.ActiveCfg = Debug|Win32
		{44908BF1-E385-4580-9A9F-3A62B126C629}.Debug|Win32.Build.0 = Debug|Win32
		{44908BF1-E385-4580-9A9F-3A62B126C629}.Debug|x64.ActiveCfg = Debug|x64
		{44908BF1-E385-4580-9A9F-3A62B126C629}.Debug|x64.Build.0 = Debug|x64
		{44908BF1-E385-4580-9A9F-3A62B126C629}.Debug|x86.ActiveCfg = Debug|x64
		{44908BF1-E385-4580-9A9F-3A62B126C629}.Release|Any CPU.ActiveCfg = Release|Win32
		{44908BF1-E385-4580-9A9F-3A62B126C629}.Release|Mixed Platforms.ActiveCfg = Release|Win32
		{44908BF1-E385-4580-9A9F-3A62B126C629}.Release|Mixed Platforms.Build.0 = Release|Win32
		{44908BF1-E385-4580-9A9F-3A62B126C629}.Release|Win32.ActiveCfg = Release|Win32
		{44908BF1-E385-4580-9A9F-3A62B126C629}.Release|Win32.Build.0 = Release|Win32
		{44908BF1-E385-4580-9A9F-3A62B126C629}.Release|x64.ActiveCfg = Release|x64
		{44908BF1-E385-4580-9A9F-3A62B126C629}.Release|x64.Build.0 = Release|x64
		{44908BF1-E385-4580-9A9F-3A62B126C629}.Release|x86.ActiveCfg = Release|x64
		{DDC60013-398B-43D6-A277-5E07C79D8185}.Debug|Any CPU.ActiveCfg = Debug|Win32
		{DDC60013-398B-43D6-A277-5E07C79D8185}.Debug|Mixed Platforms.ActiveCfg = Debug|Win32
		{DDC60013-398B-43D6-A277-5E07C79D8185}.Debug|Mixed Platforms.Build.0 = Debug|Win32
		{DDC60013-398B-43D6-A277-5E07C79D8185}.Debug|Win32.ActiveCfg = Debug|Win32
		{DDC60013-398B-43D6-A277-5E07C79D8185}.Debug|Win32.Build.0 = Debug|Win32
		{DDC60013-398B-43D6-A277-5E07C79D8185}.Debug|x64.ActiveCfg = Debug|x64
		{DDC60013-398B-43D6-A277-5E07C79D8185}.Debug|x64.Build.0 = Debug|x64
		{DDC60013-398B-43D6-A277-5E07C79D8185}.Debug|x86.ActiveCfg = Debug|x64
		{DDC60013-398B-43D6-A277-5E07C79D8185}.Release|Any CPU.ActiveCfg = Release|Win32
		{DDC60013-398B-43D6-A277-5E07C79D8185}.Release|Mixed Platforms.ActiveCfg = Release|Win32
		{DDC60013-398B-43D6-A277-5E07C79D8185}.Release|Mixed Platforms.Build.0 = Release|Win32
		{DDC60013-398B-43D6-A277-5E07C79D8185}.Release|Win32.ActiveCfg = Release|Win32
		{DDC60013-398B-43D6-A277-5E07C79D8185}.Release|Win32.Build.0 = Release|Win32
		{DDC60013-398B-43D6-A277-5E07C79D8185}.Release|x64.ActiveCfg = Release|x64
		{DDC60013-398B-43D6-A277-5E07C79D8185}.Release|x64.Build.0 = Release|x64
		{DDC60013-398B-43D6-A277-5E07C79D8185}.Release|x86.ActiveCfg = Release|x64
		{F72ACD29-7390-4FB6-8259-9D38D715182F}.Debug|Any CPU.ActiveCfg = Debug|Win32
		{F72ACD29-7390-4FB6-8259-9D38D715182F}.Debug|Mixed Platforms.ActiveCfg = Debug|Win32
		{F72ACD29-7390-4FB6-8259-9D38D715182F}.Debug|Mixed Platforms.Build.0 = Debug|Win32
		{F72ACD29-7390-4FB6-8259-9D38D715182F}.Debug|Win32.ActiveCfg = Debug|Win32
		{F72ACD29-7390-4FB6-8259-9D38D715182F}.Debug|Win32.Build.0 = Debug|Win32
		{F72ACD29-7390-4FB6-8259-9D38D715182F}.Debug|x64.ActiveCfg = Debug|x64
		{F72ACD29-7390-4FB6-8259-9D38D715182F}.Debug|x64.Build.0 = Debug|x64
		{F72ACD29-7390-4FB6-8259-9D38D715182F}.Debug|x86.ActiveCfg = Debug|x64
		{F72ACD29-7390-4FB6-8259-9D38D715182F}.Release|Any CPU.ActiveCfg = Release|Win32
		{F72ACD29-7390-4FB6-8259-9D38D715182F}.Release|Mixed Platforms.ActiveCfg = Release|Win32
		{F72ACD29-7390-4FB6-8259-9D38D715182F}.Release|Mixed Platforms.Build.0 = Release|Win32
		{F72ACD29-7390-4FB6-8259-9D38D715182F}.Release|Win32.ActiveCfg = Release|Win32
		{F72ACD29-7390-4FB6-8259-9D38D715182F}.Release|Win32.Build.0 = Release|Win32
		{F72ACD29-7390-4FB6-8259-9D38D715182F}.Release|x64.ActiveCfg = Release|x64
		{F72ACD29-7390-4FB6-8259-9D38D715182F}.Release|x64.Build.0 = Release|x64
		{F72ACD29-7390-4FB6-8259-9D38D715182F}.Release|x86.ActiveCfg = Release|x64
		{041897A7-99AB-46DC-99A5-DC6ACE2BCD67}.Debug|Any CPU.ActiveCfg = Debug|Win32
		{041897A7-99AB-46DC-99A5-DC6ACE2BCD67}.Debug|Mixed Platforms.ActiveCfg = Debug|Win32
		{041897A7-99AB-46DC-99A5-DC6ACE2BCD67}.Debug|Mixed Platforms.Build.0 = Debug|Win32
		{041897A7-99AB-46DC-99A5-DC6ACE2BCD67}.Debug|Win32.ActiveCfg = Debug|Win32
		{041897A7-99AB-46DC-99A5-DC6ACE2BCD67}.Debug|Win32.Build.0 = Debug|Win32
		{041897A7-99AB-46DC-99A5-DC6ACE2BCD67}.Debug|x64.ActiveCfg = Debug|x64
		{041897A7-99AB-46DC-99A5-DC6ACE2BCD67}.Debug|x64.Build.0 = Debug|x64
		{041897A7-99AB-46DC-99A5-DC6ACE2BCD67}.Debug|x86.ActiveCfg = Debug|x64
		{041897A7-99AB-46DC-99A5-DC6ACE2BCD67}.Release|Any CPU.ActiveCfg = Release|Win32
		{041897A7-99AB-46DC-99A5-DC6ACE2BCD67}.Release|Mixed Platforms.ActiveCfg = Release|Win32
		{041897A7-99AB-46DC-99A5-DC6ACE2BCD67}.Release|Mixed Platforms.Build.0 = Release|Win32
		{041897A7-99AB-46DC-99A5-DC6ACE2BCD67}.Release|Win32.ActiveCfg = Release|Win32
		{041897A7-99AB-46DC-99A5-DC6ACE2BCD67}.Release|Win32.Build.0 = Release|Win32
		{041897A7-99AB-46DC-99A5-DC6ACE2BCD67}.Release|x64.ActiveCfg = Release|x64
		{041897A7-99AB-46DC-99A5-DC6ACE2BCD67}.Release|x64.Build.0 = Release|x64
		{041897A7-99AB-46DC-99A5-DC6ACE2BCD67}.Release|x86.ActiveCfg = Release|x64
		{7997226D-0490-4FDE-9BD2-BF8A32B5E41C}.Debug|Any CPU.ActiveCfg = Debug|Win32
		{7997226D-0490-4FDE-9BD2-BF8A32B5E41C}.Debug|Mixed Platforms.ActiveCfg = Debug|Win32
		{7997226D-0490-4FDE-9BD2-BF8A32B5E41C}.Debug|Win32.ActiveCfg = Debug|Win32
		{7997226D-0490-4FDE-9BD2-BF8A32B5E41C}.Debug|x64.ActiveCfg = Debug|x64
		{7997226D-0490-4FDE-9BD2-BF8A32B5E41C}.Debug|x86.ActiveCfg = Debug|x64
		{7997226D-0490-4FDE-9BD2-BF8A32B5E41C}.Release|Any CPU.ActiveCfg = Release|Win32
		{7997226D-0490-4FDE-9BD2-BF8A32B5E41C}.Release|Mixed Platforms.ActiveCfg = Release|Win32
		{7997226D-0490-4FDE-9BD2-BF8A32B5E41C}.Release|Win32.ActiveCfg = Release|Win32
		{7997226D-0490-4FDE-9BD2-BF8A32B5E41C}.Release|x64.ActiveCfg = Release|x64
		{7997226D-0490-4FDE-9BD2-BF8A32B5E41C}.Release|x86.ActiveCfg = Release|x64
		{205F26C5-31D0-4435-9469-482B30152055}.Debug|Any CPU.ActiveCfg = Debug|Win32
		{205F26C5-31D0-4435-9469-482B30152055}.Debug|Mixed Platforms.ActiveCfg = Debug|Win32
		{205F26C5-31D0-4435-9469-482B30152055}.Debug|Mixed Platforms.Build.0 = Debug|Win32
		{205F26C5-31D0-4435-9469-482B30152055}.Debug|Win32.ActiveCfg = Debug|Win32
		{205F26C5-31D0-4435-9469-482B30152055}.Debug|Win32.Build.0 = Debug|Win32
		{205F26C5-31D0-4435-9469-482B30152055}.Debug|x64.ActiveCfg = Debug|x64
		{205F26C5-31D0-4435-9469-482B30152055}.Debug|x64.Build.0 = Debug|x64
		{205F26C5-31D0-4435-9469-482B30152055}.Debug|x86.ActiveCfg = Debug|x64
		{205F26C5-31D0-4435-9469-482B30152055}.Release|Any CPU.ActiveCfg = Release|Win32
		{205F26C5-31D0-4435-9469-482B30152055}.Release|Mixed Platforms.ActiveCfg = Release|Win32
		{205F26C5-31D0-4435-9469-482B30152055}.Release|Mixed Platforms.Build.0 = Release|Win32
		{205F26C5-31D0-4435-9469-482B30152055}.Release|Win32.ActiveCfg = Release|Win32
		{205F26C5-31D0-4435-9469-482B30152055}.Release|Win32.Build.0 = Release|Win32
		{205F26C5-31D0-4435-9469-482B30152055}.Release|x64.ActiveCfg = Release|x64
		{205F26C5-31D0-4435-9469-482B30152055}.Release|x64.Build.0 = Release|x64
		{205F26C5-31D0-4435-9469-482B30152055}.Release|x86.ActiveCfg = Release|x64
		{3C3C9FF7-C6D7-46B9-AEB0-1EFBE816ACAD}.Debug|Any CPU.ActiveCfg = Debug|Win32
		{3C3C9FF7-C6D7-46B9-AEB0-1EFBE816ACAD}.Debug|Mixed Platforms.ActiveCfg = Debug|Win32
		{3C3C9FF7-C6D7-46B9-AEB0-1EFBE816ACAD}.Debug|Mixed Platforms.Build.0 = Debug|Win32
		{3C3C9FF7-C6D7-46B9-AEB0-1EFBE816ACAD}.Debug|Win32.ActiveCfg = Debug|Win32
		{3C3C9FF7-C6D7-46B9-AEB0-1EFBE816ACAD}.Debug|Win32.Build.0 = Debug|Win32
		{3C3C9FF7-C6D7-46B9-AEB0-1EFBE816ACAD}.Debug|x64.ActiveCfg = Debug|x64
		{3C3C9FF7-C6D7-46B9-AEB0-1EFBE816ACAD}.Debug|x64.Build.0 = Debug|x64
		{3C3C9FF7-C6D7-46B9-AEB0-1EFBE816ACAD}.Debug|x86.ActiveCfg = Debug|x64
		{3C3C9FF7-C6D7-46B9-AEB0-1EFBE816ACAD}.Release|Any CPU.ActiveCfg = Release|Win32
		{3C3C9FF7-C6D7-46B9-AEB0-1EFBE816ACAD}.Release|Mixed Platforms.ActiveCfg = Release|Win32
		{3C3C9FF7-C6D7-46B9-AEB0-1EFBE816ACAD}.Release|Mixed Platforms.Build.0 = Release|Win32
		{3C3C9FF7-C6D7-46B9-AEB0-1EFBE816ACAD}.Release|Win32.ActiveCfg = Release|Win32
		{3C3C9FF7-C6D7-46B9-AEB0-1EFBE816ACAD}.Release|Win32.Build.0 = Release|Win32
		{3C3C9FF7-C6D7-46B9-AEB0-1EFBE816ACAD}.Release|x64.ActiveCfg = Release|x64
		{3C3C9FF7-C6D7-46B9-AEB0-1EFBE816ACAD}.Release|x64.Build.0 = Release|x64
		{3C3C9FF7-C6D7-46B9-AEB0-1EFBE816ACAD}.Release|x86.ActiveCfg = Release|x64
		{ADD28841-8B98-494F-ACFB-B83D230A9BAB}.Debug|Any CPU.ActiveCfg = Debug|Win32
		{ADD28841-8B98-494F-ACFB-B83D230A9BAB}.Debug|Mixed Platforms.ActiveCfg = Debug|Win32
		{ADD28841-8B98-494F-ACFB-B83D230A9BAB}.Debug|Mixed Platforms.Build.0 = Debug|Win32
		{ADD28841-8B98-494F-ACFB-B83D230A9BAB}.Debug|Win32.ActiveCfg = Debug|Win32
		{ADD28841-8B98-494F-ACFB-B83D230A9BAB}.Debug|Win32.Build.0 = Debug|Win32
		{ADD28841-8B98-494F-ACFB-B83D230A9BAB}.Debug|x64.ActiveCfg = Debug|x64
		{ADD28841-8B98-494F-ACFB-B83D230A9BAB}.Debug|x64.Build.0 = Debug|x64
		{ADD28841-8B98-494F-ACFB-B83D230A9BAB}.Debug|x86.ActiveCfg = Debug|x64
		{ADD28841-8B98-494F-ACFB-B83D230A9BAB}.Release|Any CPU.ActiveCfg = Release|Win32
		{ADD28841-8B98-494F-ACFB-B83D230A9BAB}.Release|Mixed Platforms.ActiveCfg = Release|Win32
		{ADD28841-8B98-494F-ACFB-B83D230A9BAB}.Release|Mixed Platforms.Build.0 = Release|Win32
		{ADD28841-8B98-494F-ACFB-B83D230A9BAB}.Release|Win32.ActiveCfg = Release|Win32
		{ADD28841-8B98-494F-ACFB-B83D230A9BAB}.Release|Win32.Build.0 = Release|Win32
		{ADD28841-8B98-494F-ACFB-B83D230A9BAB}.Release|x64.ActiveCfg = Release|x64
		{ADD28841-8B98-494F-ACFB-B83D230A9BAB}.Release|x64.Build.0 = Release|x64
		{ADD28841-8B98-494F-ACFB-B83D230A9BAB}.Release|x86.ActiveCfg = Release|x64
		{DD8BBB84-F4E4-4374-A30F-EF6806E8E0CB}.Debug|Any CPU.ActiveCfg = Debug|Win32
		{DD8BBB84-F4E4-4374-A30F-EF6806E8E0CB}.Debug|Mixed Platforms.ActiveCfg = Debug|Win32
		{DD8BBB84-F4E4-4374-A30F-EF6806E8E0CB}.Debug|Mixed Platforms.Build.0 = Debug|Win32
		{DD8BBB84-F4E4-4374-A30F-EF6806E8E0CB}.Debug|Win32.ActiveCfg = Debug|Win32
		{DD8BBB84-F4E4-4374-A30F-EF6806E8E0CB}.Debug|Win32.Build.0 = Debug|Win32
		{DD8BBB84-F4E4-4374-A30F-EF6806E8E0CB}.Debug|x64.ActiveCfg = Debug|x64
		{DD8BBB84-F4E4-4374-A30F-EF6806E8E0CB}.Debug|x64.Build.0 = Debug|x64
		{DD8BBB84-F4E4-4374-A30F-EF6806E8E0CB}.Debug|x86.ActiveCfg = Debug|x64
		{DD8BBB84-F4E4-4374-A30F-EF6806E8E0CB}.Release|Any CPU.ActiveCfg = Release|Win32
		{DD8BBB84-F4E4-4374-A30F-EF6806E8E0CB}.Release|Mixed Platforms.ActiveCfg = Release|Win32
		{DD8BBB84-F4E4-4374-A30F-EF6806E8E0CB}.Release|Mixed Platforms.Build.0 = Release|Win32
		{DD8BBB84-F4E4-4374-A30F-EF6806E8E0CB}.Release|Win32.ActiveCfg = Release|Win32
		{DD8BBB84-F4E4-4374-A30F-EF6806E8E0CB}.Release|Win32.Build.0 = Release|Win32
		{DD8BBB84-F4E4-4374-A30F-EF6806E8E0CB}.Release|x64.ActiveCfg = Release|x64
		{DD8BBB84-F4E4-4374-A30F-EF6806E8E0CB}.Release|x64.Build.0 = Release|x64
		{DD8BBB84-F4E4-4374-A30F-EF6806E8E0CB}.Release|x86.ActiveCfg = Release|x64
		{E562B037-B010-4EFB-8080-F4F1B1A9423C}.Debug|Any CPU.ActiveCfg = Debug|Win32
		{E562B037-B010-4EFB-8080-F4F1B1A9423C}.Debug|Mixed Platforms.ActiveCfg = Debug|Win32
		{E562B037-B010-4EFB-8080-F4F1B1A9423C}.Debug|Mixed Platforms.Build.0 = Debug|Win32
		{E562B037-B010-4EFB-8080-F4F1B1A9423C}.Debug|Win32.ActiveCfg = Debug|Win32
		{E562B037-B010-4EFB-8080-F4F1B1A9423C}.Debug|Win32.Build.0 = Debug|Win32
		{E562B037-B010-4EFB-8080-F4F1B1A9423C}.Debug|x64.ActiveCfg = Debug|x64
		{E562B037-B010-4EFB-8080-F4F1B1A9423C}.Debug|x64.Build.0 = Debug|x64
		{E562B037-B010-4EFB-8080-F4F1B1A9423C}.Debug|x86.ActiveCfg = Debug|x64
		{E562B037-B010-4EFB-8080-F4F1B1A9423C}.Release|Any CPU.ActiveCfg = Release|Win32
		{E562B037-B010-4EFB-8080-F4F1B1A9423C}.Release|Mixed Platforms.ActiveCfg = Release|Win32
		{E562B037-B010-4EFB-8080-F4F1B1A9423C}.Release|Mixed Platforms.Build.0 = Release|Win32
		{E562B037-B010-4EFB-8080-F4F1B1A9423C}.Release|Win32.ActiveCfg = Release|Win32
		{E562B037-B010-4EFB-8080-F4F1B1A9423C}.Release|Win32.Build.0 = Release|Win32
		{E562B037-B010-4EFB-8080-F4F1B1A9423C}.Release|x64.ActiveCfg = Release|x64
		{E562B037-B010-4EFB-8080-F4F1B1A9423C}.Release|x64.Build.0 = Release|x64
		{E562B037-B010-4EFB-8080-F4F1B1A9423C}.Release|x86.ActiveCfg = Release|x64
		{4BD5798D-0482-4930-B412-FB8D17A9C831}.Debug|Any CPU.ActiveCfg = Debug|Win32
		{4BD5798D-0482-4930-B412-FB8D17A9C831}.Debug|Mixed Platforms.ActiveCfg = Debug|Win32
		{4BD5798D-0482-4930-B412-FB8D17A9C831}.Debug|Mixed Platforms.Build.0 = Debug|Win32
		{4BD5798D-0482-4930-B412-FB8D17A9C831}.Debug|Win32.ActiveCfg = Debug|Win32
		{4BD5798D-0482-4930-B412-FB8D17A9C831}.Debug|Win32.Build.0 = Debug|Win32
		{4BD5798D-0482-4930-B412-FB8D17A9C831}.Debug|x64.ActiveCfg = Debug|x64
		{4BD5798D-0482-4930-B412-FB8D17A9C831}.Debug|x64.Build.0 = Debug|x64
		{4BD5798D-0482-4930-B412-FB8D17A9C831}.Debug|x86.ActiveCfg = Debug|x64
		{4BD5798D-0482-4930-B412-FB8D17A9C831}.Release|Any CPU.ActiveCfg = Release|Win32
		{4BD5798D-0482-4930-B412-FB8D17A9C831}.Release|Mixed Platforms.ActiveCfg = Release|Win32
		{4BD5798D-0482-4930-B412-FB8D17A9C831}.Release|Mixed Platforms.Build.0 = Release|Win32
		{4BD5798D-0482-4930-B412-FB8D17A9C831}.Release|Win32.ActiveCfg = Release|Win32
		{4BD5798D-0482-4930-B412-FB8D17A9C831}.Release|Win32.Build.0 = Release|Win32
		{4BD5798D-0482-4930-B412-FB8D17A9C831}.Release|x64.ActiveCfg = Release|x64
		{4BD5798D-0482-4930-B412-FB8D17A9C831}.Release|x64.Build.0 = Release|x64
		{4BD5798D-0482-4930-B412-FB8D17A9C831}.Release|x86.ActiveCfg = Release|x64
		{8B2CC067-87A5-4FA6-BF16-8D3D5F32EE78}.Debug|Any CPU.ActiveCfg = Debug|Win32
		{8B2CC067-87A5-4FA6-BF16-8D3D5F32EE78}.Debug|Mixed Platforms.ActiveCfg = Debug|Win32
		{8B2CC067-87A5-4FA6-BF16-8D3D5F32EE78}.Debug|Mixed Platforms.Build.0 = Debug|Win32
		{8B2CC067-87A5-4FA6-BF16-8D3D5F32EE78}.Debug|Win32.ActiveCfg = Debug|Win32
		{8B2CC067-87A5-4FA6-BF16-8D3D5F32EE78}.Debug|Win32.Build.0 = Debug|Win32
		{8B2CC067-87A5-4FA6-BF16-8D3D5F32EE78}.Debug|x64.ActiveCfg = Debug|x64
		{8B2CC067-87A5-4FA6-BF16-8D3D5F32EE78}.Debug|x64.Build.0 = Debug|x64
		{8B2CC067-87A5-4FA6-BF16-8D3D5F32EE78}.Debug|x86.ActiveCfg = Debug|x64
		{8B2CC067-87A5-4FA6-BF16-8D3D5F32EE78}.Release|Any CPU.ActiveCfg = Release|Win32
		{8B2CC067-87A5-4FA6-BF16-8D3D5F32EE78}.Release|Mixed Platforms.ActiveCfg = Release|Win32
		{8B2CC067-87A5-4FA6-BF16-8D3D5F32EE78}.Release|Mixed Platforms.Build.0 = Release|Win32
		{8B2CC067-87A5-4FA6-BF16-8D3D5F32EE78}.Release|Win32.ActiveCfg = Release|Win32
		{8B2CC067-87A5-4FA6-BF16-8D3D5F32EE78}.Release|Win32.Build.0 = Release|Win32
		{8B2CC067-87A5-4FA6-BF16-8D3D5F32EE78}.Release|x64.ActiveCfg = Release|x64
		{8B2CC067-87A5-4FA6-BF16-8D3D5F32EE78}.Release|x64.Build.0 = Release|x64
		{8B2CC067-87A5-4FA6-BF16-8D3D5F32EE78}.Release|x86.ActiveCfg = Release|x64
		{BD50C562-0D6E-466A-8B7E-EE2F293EB17E}.Debug|Any CPU.ActiveCfg = Debug|Win32
		{BD50C562-0D6E-466A-8B7E-EE2F293EB17E}.Debug|Mixed Platforms.ActiveCfg = Debug|Win32
		{BD50C562-0D6E-466A-8B7E-EE2F293EB17E}.Debug|Mixed Platforms.Build.0 = Debug|Win32
		{BD50C562-0D6E-466A-8B7E-EE2F293EB17E}.Debug|Win32.ActiveCfg = Debug|Win32
		{BD50C562-0D6E-466A-8B7E-EE2F293EB17E}.Debug|Win32.Build.0 = Debug|Win32
		{BD50C562-0D6E-466A-8B7E-EE2F293EB17E}.Debug|x64.ActiveCfg = Debug|x64
		{BD50C562-0D6E-466A-8B7E-EE2F293EB17E}.Debug|x64.Build.0 = Debug|x64
		{BD50C562-0D6E-466A-8B7E-EE2F293EB17E}.Debug|x86.ActiveCfg = Debug|x64
		{BD50C562-0D6E-466A-8B7E-EE2F293EB17E}.Release|Any CPU.ActiveCfg = Release|Win32
		{BD50C562-0D6E-466A-8B7E-EE2F293EB17E}.Release|Mixed Platforms.ActiveCfg = Release|Win32
		{BD50C562-0D6E-466A-8B7E-EE2F293EB17E}.Release|Mixed Platforms.Build.0 = Release|Win32
		{BD50C562-0D6E-466A-8B7E-EE2F293EB17E}.Release|Win32.ActiveCfg = Release|Win32
		{BD50C562-0D6E-466A-8B7E-EE2F293EB17E}.Release|Win32.Build.0 = Release|Win32
		{BD50C562-0D6E-466A-8B7E-EE2F293EB17E}.Release|x64.ActiveCfg = Release|x64
		{BD50C562-0D6E-466A-8B7E-EE2F293EB17E}.Release|x64.Build.0 = Release|x64
		{BD50C562-0D6E-466A-8B7E-EE2F293EB17E}.Release|x86.ActiveCfg = Release|x64
		{222D2523-86CA-47C5-ACE0-8CECECAE0A5D}.Debug|Any CPU.ActiveCfg = Debug|Win32
		{222D2523-86CA-47C5-ACE0-8CECECAE0A5D}.Debug|Mixed Platforms.ActiveCfg = Debug|Win32
		{222D2523-86CA-47C5-ACE0-8CECECAE0A5D}.Debug|Mixed Platforms.Build.0 = Debug|Win32
		{222D2523-86CA-47C5-ACE0-8CECECAE0A5D}.Debug|Win32.ActiveCfg = Debug|Win32
		{222D2523-86CA-47C5-ACE0-8CECECAE0A5D}.Debug|Win32.Build.0 = Debug|Win32
		{222D2523-86CA-47C5-ACE0-8CECECAE0A5D}.Debug|x64.ActiveCfg = Debug|x64
		{222D2523-86CA-47C5-ACE0-8CECECAE0A5D}.Debug|x64.Build.0 = Debug|x64
		{222D2523-86CA-47C5-ACE0-8CECECAE0A5D}.Debug|x86.ActiveCfg = Debug|x64
		{222D2523-86CA-47C5-ACE0-8CECECAE0A5D}.Release|Any CPU.ActiveCfg = Release|Win32
		{222D2523-86CA-47C5-ACE0-8CECECAE0A5D}.Release|Mixed Platforms.ActiveCfg = Release|Win32
		{222D2523-86CA-47C5-ACE0-8CECECAE0A5D}.Release|Mixed Platforms.Build.0 = Release|Win32
		{222D2523-86CA-47C5-ACE0-8CECECAE0A5D}.Release|Win32.ActiveCfg = Release|Win32
		{222D2523-86CA-47C5-ACE0-8CECECAE0A5D}.Release|Win32.Build.0 = Release|Win32
		{222D2523-86CA-47C5-ACE0-8CECECAE0A5D}.Release|x64.ActiveCfg = Release|x64
		{222D2523-86CA-47C5-ACE0-8CECECAE0A5D}.Release|x64.Build.0 = Release|x64
		{222D2523-86CA-47C5-ACE0-8CECECAE0A5D}.Release|x86.ActiveCfg = Release|x64
		{4106553C-A4C9-4D70-BE0D-B906299D350D}.Debug|Any CPU.ActiveCfg = Debug|Win32
		{4106553C-A4C9-4D70-BE0D-B906299D350D}.Debug|Mixed Platforms.ActiveCfg = Debug|Win32
		{4106553C-A4C9-4D70-BE0D-B906299D350D}.Debug|Mixed Platforms.Build.0 = Debug|Win32
		{4106553C-A4C9-4D70-BE0D-B906299D350D}.Debug|Win32.ActiveCfg = Debug|Win32
		{4106553C-A4C9-4D70-BE0D-B906299D350D}.Debug|Win32.Build.0 = Debug|Win32
		{4106553C-A4C9-4D70-BE0D-B906299D350D}.Debug|x64.ActiveCfg = Debug|x64
		{4106553C-A4C9-4D70-BE0D-B906299D350D}.Debug|x64.Build.0 = Debug|x64
		{4106553C-A4C9-4D70-BE0D-B906299D350D}.Debug|x86.ActiveCfg = Debug|x64
		{4106553C-A4C9-4D70-BE0D-B906299D350D}.Release|Any CPU.ActiveCfg = Release|Win32
		{4106553C-A4C9-4D70-BE0D-B906299D350D}.Release|Mixed Platforms.ActiveCfg = Release|Win32
		{4106553C-A4C9-4D70-BE0D-B906299D350D}.Release|Mixed Platforms.Build.0 = Release|Win32
		{4106553C-A4C9-4D70-BE0D-B906299D350D}.Release|Win32.ActiveCfg = Release|Win32
		{4106553C-A4C9-4D70-BE0D-B906299D350D}.Release|Win32.Build.0 = Release|Win32
		{4106553C-A4C9-4D70-BE0D-B906299D350D}.Release|x64.ActiveCfg = Release|x64
		{4106553C-A4C9-4D70-BE0D-B906299D350D}.Release|x64.Build.0 = Release|x64
		{4106553C-A4C9-4D70-BE0D-B906299D350D}.Release|x86.ActiveCfg = Release|x64
		{F0B2E03B-EE78-460C-9133-344034F39E72}.Debug|Any CPU.ActiveCfg = Debug|Win32
		{F0B2E03B-EE78-460C-9133-344034F39E72}.Debug|Mixed Platforms.ActiveCfg = Debug|Win32
		{F0B2E03B-EE78-460C-9133-344034F39E72}.Debug|Mixed Platforms.Build.0 = Debug|Win32
		{F0B2E03B-EE78-460C-9133-344034F39E72}.Debug|Win32.ActiveCfg = Debug|Win32
		{F0B2E03B-EE78-460C-9133-344034F39E72}.Debug|Win32.Build.0 = Debug|Win32
		{F0B2E03B-EE78-460C-9133-344034F39E72}.Debug|x64.ActiveCfg = Debug|x64
		{F0B2E03B-EE78-460C-9133-344034F39E72}.Debug|x64.Build.0 = Debug|x64
		{F0B2E03B-EE78-460C-9133-344034F39E72}.Debug|x86.ActiveCfg = Debug|x64
		{F0B2E03B-EE78-460C-9133-344034F39E72}.Release|Any CPU.ActiveCfg = Release|Win32
		{F0B2E03B-EE78-460C-9133-344034F39E72}.Release|Mixed Platforms.ActiveCfg = Release|Win32
		{F0B2E03B-EE78-460C-9133-344034F39E72}.Release|Mixed Platforms.Build.0 = Release|Win32
		{F0B2E03B-EE78-460C-9133-344034F39E72}.Release|Win32.ActiveCfg = Release|Win32
		{F0B2E03B-EE78-460C-9133-344034F39E72}.Release|Win32.Build.0 = Release|Win32
		{F0B2E03B-EE78-460C-9133-344034F39E72}.Release|x64.ActiveCfg = Release|x64
		{F0B2E03B-EE78-460C-9133-344034F39E72}.Release|x64.Build.0 = Release|x64
		{F0B2E03B-EE78-460C-9133-344034F39E72}.Release|x86.ActiveCfg = Release|x64
		{2D5D0992-7C08-477E-9897-489BEB4E46FB}.Debug|Any CPU.ActiveCfg = Debug|Win32
		{2D5D0992-7C08-477E-9897-489BEB4E46FB}.Debug|Mixed Platforms.ActiveCfg = Debug|Win32
		{2D5D0992-7C08-477E-9897-489BEB4E46FB}.Debug|Mixed Platforms.Build.0 = Debug|Win32
		{2D5D0992-7C08-477E-9897-489BEB4E46FB}.Debug|Win32.ActiveCfg = Debug|Win32
		{2D5D0992-7C08-477E-9897-489BEB4E46FB}.Debug|Win32.Build.0 = Debug|Win32
		{2D5D0992-7C08-477E-9897-489BEB4E46FB}.Debug|x64.ActiveCfg = Debug|x64
		{2D5D0992-7C08-477E-9897-489BEB4E46FB}.Debug|x64.Build.0 = Debug|x64
		{2D5D0992-7C08-477E-9897-489BEB4E46FB}.Debug|x86.ActiveCfg = Debug|x64
		{2D5D0992-7C08-477E-9897-489BEB4E46FB}.Release|Any CPU.ActiveCfg = Release|Win32
		{2D5D0992-7C08-477E-9897-489BEB4E46FB}.Release|Mixed Platforms.ActiveCfg = Release|Win32
		{2D5D0992-7C08-477E-9897-489BEB4E46FB}.Release|Mixed Platforms.Build.0 = Release|Win32
		{2D5D0992-7C08-477E-9897-489BEB4E46FB}.Release|Win32.ActiveCfg = Release|Win32
		{2D5D0992-7C08-477E-9897-489BEB4E46FB}.Release|Win32.Build.0 = Release|Win32
		{2D5D0992-7C08-477E-9897-489BEB4E46FB}.Release|x64.ActiveCfg = Release|x64
		{2D5D0992-7C08-477E-9897-489BEB4E46FB}.Release|x64.Build.0 = Release|x64
		{2D5D0992-7C08-477E-9897-489BEB4E46FB}.Release|x86.ActiveCfg = Release|x64
		{196AEE51-A898-46A2-96EB-55047350FAFE}.Debug|Any CPU.ActiveCfg = Debug|Win32
		{196AEE51-A898-46A2-96EB-55047350FAFE}.Debug|Mixed Platforms.ActiveCfg = Debug|Win32
		{196AEE51-A898-46A2-96EB-55047350FAFE}.Debug|Mixed Platforms.Build.0 = Debug|Win32
		{196AEE51-A898-46A2-96EB-55047350FAFE}.Debug|Win32.ActiveCfg = Debug|Win32
		{196AEE51-A898-46A2-96EB-55047350FAFE}.Debug|Win32.Build.0 = Debug|Win32
		{196AEE51-A898-46A2-96EB-55047350FAFE}.Debug|x64.ActiveCfg = Debug|x64
		{196AEE51-A898-46A2-96EB-55047350FAFE}.Debug|x64.Build.0 = Debug|x64
		{196AEE51-A898-46A2-96EB-55047350FAFE}.Debug|x86.ActiveCfg = Debug|x64
		{196AEE51-A898-46A2-96EB-55047350FAFE}.Release|Any CPU.ActiveCfg = Release|Win32
		{196AEE51-A898-46A2-96EB-55047350FAFE}.Release|Mixed Platforms.ActiveCfg = Release|Win32
		{196AEE51-A898-46A2-96EB-55047350FAFE}.Release|Mixed Platforms.Build.0 = Release|Win32
		{196AEE51-A898-46A2-96EB-55047350FAFE}.Release|Win32.ActiveCfg = Release|Win32
		{196AEE51-A898-46A2-96EB-55047350FAFE}.Release|Win32.Build.0 = Release|Win32
		{196AEE51-A898-46A2-96EB-55047350FAFE}.Release|x64.ActiveCfg = Release|x64
		{196AEE51-A898-46A2-96EB-55047350FAFE}.Release|x64.Build.0 = Release|x64
		{196AEE51-A898-46A2-96EB-55047350FAFE}.Release|x86.ActiveCfg = Release|x64
		{BC8FBAFC-F633-4052-A32C-C597E8A6A512}.Debug|Any CPU.ActiveCfg = Debug|Win32
		{BC8FBAFC-F633-4052-A32C-C597E8A6A512}.Debug|Mixed Platforms.ActiveCfg = Debug|Win32
		{BC8FBAFC-F633-4052-A32C-C597E8A6A512}.Debug|Mixed Platforms.Build.0 = Debug|Win32
		{BC8FBAFC-F633-4052-A32C-C597E8A6A512}.Debug|Win32.ActiveCfg = Debug|Win32
		{BC8FBAFC-F633-4052-A32C-C597E8A6A512}.Debug|Win32.Build.0 = Debug|Win32
		{BC8FBAFC-F633-4052-A32C-C597E8A6A512}.Debug|x64.ActiveCfg = Debug|x64
		{BC8FBAFC-F633-4052-A32C-C597E8A6A512}.Debug|x64.Build.0 = Debug|x64
		{BC8FBAFC-F633-4052-A32C-C597E8A6A512}.Debug|x86.ActiveCfg = Debug|x64
		{BC8FBAFC-F633-4052-A32C-C597E8A6A512}.Release|Any CPU.ActiveCfg = Release|Win32
		{BC8FBAFC-F633-4052-A32C-C597E8A6A512}.Release|Mixed Platforms.ActiveCfg = Release|Win32
		{BC8FBAFC-F633-4052-A32C-C597E8A6A512}.Release|Mixed Platforms.Build.0 = Release|Win32
		{BC8FBAFC-F633-4052-A32C-C597E8A6A512}.Release|Win32.ActiveCfg = Release|Win32
		{BC8FBAFC-F633-4052-A32C-C597E8A6A512}.Release|Win32.Build.0 = Release|Win32
		{BC8FBAFC-F633-4052-A32C-C597E8A6A512}.Release|x64.ActiveCfg = Release|x64
		{BC8FBAFC-F633-4052-A32C-C597E8A6A512}.Release|x64.Build.0 = Release|x64
		{BC8FBAFC-F633-4052-A32C-C597E8A6A512}.Release|x86.ActiveCfg = Release|x64
		{4C656D67-44E2-459F-AD32-43DFAF4F29B9}.Debug|Any CPU.ActiveCfg = Debug|Win32
		{4C656D67-44E2-459F-AD32-43DFAF4F29B9}.Debug|Mixed Platforms.ActiveCfg = Debug|Win32
		{4C656D67-44E2-459F-AD32-43DFAF4F29B9}.Debug|Mixed Platforms.Build.0 = Debug|Win32
		{4C656D67-44E2-459F-AD32-43DFAF4F29B9}.Debug|Win32.ActiveCfg = Debug|Win32
		{4C656D67-44E2-459F-AD32-43DFAF4F29B9}.Debug|Win32.Build.0 = Debug|Win32
		{4C656D67-44E2-459F-AD32-43DFAF4F29B9}.Debug|x64.ActiveCfg = Debug|Win32
		{4C656D67-44E2-459F-AD32-43DFAF4F29B9}.Debug|x86.ActiveCfg = Debug|Win32
		{4C656D67-44E2-459F-AD32-43DFAF4F29B9}.Debug|x86.Build.0 = Debug|Win32
		{4C656D67-44E2-459F-AD32-43DFAF4F29B9}.Release|Any CPU.ActiveCfg = Release|Win32
		{4C656D67-44E2-459F-AD32-43DFAF4F29B9}.Release|Mixed Platforms.ActiveCfg = Release|Win32
		{4C656D67-44E2-459F-AD32-43DFAF4F29B9}.Release|Mixed Platforms.Build.0 = Release|Win32
		{4C656D67-44E2-459F-AD32-43DFAF4F29B9}.Release|Win32.ActiveCfg = Release|Win32
		{4C656D67-44E2-459F-AD32-43DFAF4F29B9}.Release|Win32.Build.0 = Release|Win32
		{4C656D67-44E2-459F-AD32-43DFAF4F29B9}.Release|x64.ActiveCfg = Release|Win32
		{4C656D67-44E2-459F-AD32-43DFAF4F29B9}.Release|x86.ActiveCfg = Release|Win32
		{4C656D67-44E2-459F-AD32-43DFAF4F29B9}.Release|x86.Build.0 = Release|Win32
		{870F09F9-7447-4E08-8D48-75A2649E7E9F}.Debug|Any CPU.ActiveCfg = Debug|Win32
		{870F09F9-7447-4E08-8D48-75A2649E7E9F}.Debug|Mixed Platforms.ActiveCfg = Debug|Win32
		{870F09F9-7447-4E08-8D48-75A2649E7E9F}.Debug|Mixed Platforms.Build.0 = Debug|Win32
		{870F09F9-7447-4E08-8D48-75A2649E7E9F}.Debug|Win32.ActiveCfg = Debug|Win32
		{870F09F9-7447-4E08-8D48-75A2649E7E9F}.Debug|Win32.Build.0 = Debug|Win32
		{870F09F9-7447-4E08-8D48-75A2649E7E9F}.Debug|x64.ActiveCfg = Debug|Win32
		{870F09F9-7447-4E08-8D48-75A2649E7E9F}.Debug|x86.ActiveCfg = Debug|Win32
		{870F09F9-7447-4E08-8D48-75A2649E7E9F}.Debug|x86.Build.0 = Debug|Win32
		{870F09F9-7447-4E08-8D48-75A2649E7E9F}.Release|Any CPU.ActiveCfg = Release|Win32
		{870F09F9-7447-4E08-8D48-75A2649E7E9F}.Release|Mixed Platforms.ActiveCfg = Release|Win32
		{870F09F9-7447-4E08-8D48-75A2649E7E9F}.Release|Mixed Platforms.Build.0 = Release|Win32
		{870F09F9-7447-4E08-8D48-75A2649E7E9F}.Release|Win32.ActiveCfg = Release|Win32
		{870F09F9-7447-4E08-8D48-75A2649E7E9F}.Release|Win32.Build.0 = Release|Win32
		{870F09F9-7447-4E08-8D48-75A2649E7E9F}.Release|x64.ActiveCfg = Release|Win32
		{870F09F9-7447-4E08-8D48-75A2649E7E9F}.Release|x86.ActiveCfg = Release|Win32
		{870F09F9-7447-4E08-8D48-75A2649E7E9F}.Release|x86.Build.0 = Release|Win32
		{7B0026EC-D388-4917-8DB8-5C5A29352C0C}.Debug|Any CPU.ActiveCfg = Debug|Win32
		{7B0026EC-D388-4917-8DB8-5C5A29352C0C}.Debug|Mixed Platforms.ActiveCfg = Debug|Win32
		{7B0026EC-D388-4917-8DB8-5C5A29352C0C}.Debug|Mixed Platforms.Build.0 = Debug|Win32
		{7B0026EC-D388-4917-8DB8-5C5A29352C0C}.Debug|Win32.ActiveCfg = Debug|Win32
		{7B0026EC-D388-4917-8DB8-5C5A29352C0C}.Debug|Win32.Build.0 = Debug|Win32
		{7B0026EC-D388-4917-8DB8-5C5A29352C0C}.Debug|x64.ActiveCfg = Debug|Win32
		{7B0026EC-D388-4917-8DB8-5C5A29352C0C}.Debug|x86.ActiveCfg = Debug|Win32
		{7B0026EC-D388-4917-8DB8-5C5A29352C0C}.Debug|x86.Build.0 = Debug|Win32
		{7B0026EC-D388-4917-8DB8-5C5A29352C0C}.Release|Any CPU.ActiveCfg = Release|Win32
		{7B0026EC-D388-4917-8DB8-5C5A29352C0C}.Release|Mixed Platforms.ActiveCfg = Release|Win32
		{7B0026EC-D388-4917-8DB8-5C5A29352C0C}.Release|Mixed Platforms.Build.0 = Release|Win32
		{7B0026EC-D388-4917-8DB8-5C5A29352C0C}.Release|Win32.ActiveCfg = Release|Win32
		{7B0026EC-D388-4917-8DB8-5C5A29352C0C}.Release|Win32.Build.0 = Release|Win32
		{7B0026EC-D388-4917-8DB8-5C5A29352C0C}.Release|x64.ActiveCfg = Release|Win32
		{7B0026EC-D388-4917-8DB8-5C5A29352C0C}.Release|x86.ActiveCfg = Release|Win32
		{7B0026EC-D388-4917-8DB8-5C5A29352C0C}.Release|x86.Build.0 = Release|Win32
	EndGlobalSection
	GlobalSection(SolutionProperties) = preSolution
		HideSolutionNode = FALSE
	EndGlobalSection
	GlobalSection(NestedProjects) = preSolution
		{0B1613EF-02D5-418E-B1AB-E5D7A1EF2F90} = {631D303E-00A9-450C-864C-9359B01E3129}
		{47EB8854-19B5-4189-B852-C1E02478503F} = {631D303E-00A9-450C-864C-9359B01E3129}
		{34EE184C-9B4B-4736-9B34-1B1C87F1DD09} = {631D303E-00A9-450C-864C-9359B01E3129}
		{03196215-4A20-4C0A-8D78-C120D5923C73} = {631D303E-00A9-450C-864C-9359B01E3129}
		{F3EB5FBF-8E64-4B3F-843E-18234CB5C882} = {631D303E-00A9-450C-864C-9359B01E3129}
		{E9428B6C-1AF9-4D77-A87E-CCF35C00F042} = {631D303E-00A9-450C-864C-9359B01E3129}
		{47EA7AD5-46A4-4FD1-AE81-AF65BD48B9BF} = {631D303E-00A9-450C-864C-9359B01E3129}
		{29CA01A8-D212-4BB7-B607-F141ACB5FE70} = {631D303E-00A9-450C-864C-9359B01E3129}
		{F7863DE6-79AE-4D49-B44A-0313167861AF} = {631D303E-00A9-450C-864C-9359B01E3129}
		{BFFC8B89-D5D3-4CF0-97ED-42CF072B837D} = {631D303E-00A9-450C-864C-9359B01E3129}
		{5D8D7732-1C6E-48FA-8A3D-24F7A45FB5F3} = {631D303E-00A9-450C-864C-9359B01E3129}
		{0B4AD869-2D67-4AC6-A70C-C0BD8FDFD3C5} = {631D303E-00A9-450C-864C-9359B01E3129}
		{1E26269D-572D-4F4D-81E4-F99ADF037D02} = {631D303E-00A9-450C-864C-9359B01E3129}
		{581A7669-60B5-4EB2-BBBA-4A2CC8E35C43} = {631D303E-00A9-450C-864C-9359B01E3129}
		{3573F28B-57C6-4150-A8D8-E18D217E59CB} = {631D303E-00A9-450C-864C-9359B01E3129}
		{355EA728-B104-4555-8FDF-97F52BA0D0E9} = {631D303E-00A9-450C-864C-9359B01E3129}
		{EC73EABB-19FE-403F-8AB0-DA383CC0C52C} = {631D303E-00A9-450C-864C-9359B01E3129}
		{188EC175-C904-4B16-A29C-1DEB7EC496ED} = {631D303E-00A9-450C-864C-9359B01E3129}
		{8232F95E-58C0-482D-BE7F-CB9B58971399} = {631D303E-00A9-450C-864C-9359B01E3129}
		{2444ECBA-614C-4FCD-973A-4FCAAE023E62} = {631D303E-00A9-450C-864C-9359B01E3129}
		{9323F867-FC72-459C-BA29-D4393A3D139A} = {631D303E-00A9-450C-864C-9359B01E3129}
		{7120B0E8-A4F8-4944-ABEA-8B382BEC6DAC} = {631D303E-00A9-450C-864C-9359B01E3129}
		{2CF107E1-3B94-45CE-8D3D-8C9F5BB2532C} = {631D303E-00A9-450C-864C-9359B01E3129}
		{2EEC6156-C4B7-4899-AC64-595333AF1CB4} = {631D303E-00A9-450C-864C-9359B01E3129}
		{8C119022-EB6C-4F29-A3A0-0C8FD9DEEBEE} = {631D303E-00A9-450C-864C-9359B01E3129}
		{88D978FB-122A-4315-A97B-2660D064E43F} = {631D303E-00A9-450C-864C-9359B01E3129}
		{B25DD202-68D4-4574-89F0-36985E439B99} = {631D303E-00A9-450C-864C-9359B01E3129}
		{2512F92B-8728-4C03-AB01-B9C1702C475D} = {631D303E-00A9-450C-864C-9359B01E3129}
		{E711727A-3CAD-4722-8712-D13A91436452} = {631D303E-00A9-450C-864C-9359B01E3129}
		{B899EF42-2406-4BB9-9BC0-A5476E09F1C5} = {631D303E-00A9-450C-864C-9359B01E3129}
		{16C772FE-B462-4F44-855E-A001CB155913} = {631D303E-00A9-450C-864C-9359B01E3129}
		{44908BF1-E385-4580-9A9F-3A62B126C629} = {631D303E-00A9-450C-864C-9359B01E3129}
		{DDC60013-398B-43D6-A277-5E07C79D8185} = {631D303E-00A9-450C-864C-9359B01E3129}
		{F72ACD29-7390-4FB6-8259-9D38D715182F} = {631D303E-00A9-450C-864C-9359B01E3129}
		{7997226D-0490-4FDE-9BD2-BF8A32B5E41C} = {340404A2-0A43-49AE-B80C-72B1CCFCB2DA}
		{205F26C5-31D0-4435-9469-482B30152055} = {340404A2-0A43-49AE-B80C-72B1CCFCB2DA}
		{3C3C9FF7-C6D7-46B9-AEB0-1EFBE816ACAD} = {340404A2-0A43-49AE-B80C-72B1CCFCB2DA}
		{ADD28841-8B98-494F-ACFB-B83D230A9BAB} = {F1E8C2B6-2820-4688-B084-A3B59B8AB008}
		{DD8BBB84-F4E4-4374-A30F-EF6806E8E0CB} = {F1E8C2B6-2820-4688-B084-A3B59B8AB008}
		{E562B037-B010-4EFB-8080-F4F1B1A9423C} = {F1E8C2B6-2820-4688-B084-A3B59B8AB008}
		{4BD5798D-0482-4930-B412-FB8D17A9C831} = {F1E8C2B6-2820-4688-B084-A3B59B8AB008}
		{8B2CC067-87A5-4FA6-BF16-8D3D5F32EE78} = {F1E8C2B6-2820-4688-B084-A3B59B8AB008}
		{BD50C562-0D6E-466A-8B7E-EE2F293EB17E} = {CB0F98F3-ED83-4C39-8022-BD5B0D3C332E}
		{222D2523-86CA-47C5-ACE0-8CECECAE0A5D} = {CB0F98F3-ED83-4C39-8022-BD5B0D3C332E}
		{4106553C-A4C9-4D70-BE0D-B906299D350D} = {CB0F98F3-ED83-4C39-8022-BD5B0D3C332E}
		{F0B2E03B-EE78-460C-9133-344034F39E72} = {CB0F98F3-ED83-4C39-8022-BD5B0D3C332E}
		{2D5D0992-7C08-477E-9897-489BEB4E46FB} = {CB0F98F3-ED83-4C39-8022-BD5B0D3C332E}
		{196AEE51-A898-46A2-96EB-55047350FAFE} = {CB0F98F3-ED83-4C39-8022-BD5B0D3C332E}
		{BC8FBAFC-F633-4052-A32C-C597E8A6A512} = {631D303E-00A9-450C-864C-9359B01E3129}
		{4C656D67-44E2-459F-AD32-43DFAF4F29B9} = {C9E8BE4A-F8CA-442F-BC12-94C9477EA50F}
		{870F09F9-7447-4E08-8D48-75A2649E7E9F} = {C9E8BE4A-F8CA-442F-BC12-94C9477EA50F}
		{7B0026EC-D388-4917-8DB8-5C5A29352C0C} = {631D303E-00A9-450C-864C-9359B01E3129}
	EndGlobalSection
	GlobalSection(ExtensibilityGlobals) = postSolution
		VisualSVNWorkingCopyRoot = .
	EndGlobalSection
EndGlobal
